// !$*UTF8*$!
{
	archiveVersion = 1;
	classes = {
	};
	objectVersion = 56;
	objects = {

/* Begin PBXBuildFile section */
		0B731AB32BA0B71400DFECCD /* ContentView.swift in Sources */ = {isa = PBXBuildFile; fileRef = 0B731AB22BA0B71400DFECCD /* ContentView.swift */; };
		0B731AB52BA0B71700DFECCD /* Assets.xcassets in Resources */ = {isa = PBXBuildFile; fileRef = 0B731AB42BA0B71700DFECCD /* Assets.xcassets */; };
		0B731AB82BA0B71700DFECCD /* Preview Assets.xcassets in Resources */ = {isa = PBXBuildFile; fileRef = 0B731AB72BA0B71700DFECCD /* Preview Assets.xcassets */; };
		0B731AC32BA0B71700DFECCD /* MacLandmarksTests.swift in Sources */ = {isa = PBXBuildFile; fileRef = 0B731AC22BA0B71700DFECCD /* MacLandmarksTests.swift */; };
		0B731ACD2BA0B71800DFECCD /* MacLandmarksUITests.swift in Sources */ = {isa = PBXBuildFile; fileRef = 0B731ACC2BA0B71800DFECCD /* MacLandmarksUITests.swift */; };
		0B731ACF2BA0B71800DFECCD /* MacLandmarksUITestsLaunchTests.swift in Sources */ = {isa = PBXBuildFile; fileRef = 0B731ACE2BA0B71800DFECCD /* MacLandmarksUITestsLaunchTests.swift */; };
		0B731AD92BA0D2D500DFECCD /* landmarkData.json in Resources */ = {isa = PBXBuildFile; fileRef = 0BBB80622B7D90F600E71E21 /* landmarkData.json */; };
		0B731ADA2BA0D2D500DFECCD /* Assets.xcassets in Resources */ = {isa = PBXBuildFile; fileRef = 0BBB80382B7D2A5000E71E21 /* Assets.xcassets */; };
		0B731ADB2BA0D2D500DFECCD /* hikeData.json in Resources */ = {isa = PBXBuildFile; fileRef = 0BBB80802B8548A000E71E21 /* hikeData.json */; };
		0B731ADC2BA0D2D500DFECCD /* CircleImageView.swift in Sources */ = {isa = PBXBuildFile; fileRef = 0BBB805E2B7D750100E71E21 /* CircleImageView.swift */; };
		0B731ADD2BA0D2D500DFECCD /* FavoriteButtonView.swift in Sources */ = {isa = PBXBuildFile; fileRef = 0BBB80712B7EBAB800E71E21 /* FavoriteButtonView.swift */; };
		0B731ADE2BA0D2D500DFECCD /* Landmark.swift in Sources */ = {isa = PBXBuildFile; fileRef = 0BBB80642B7D911800E71E21 /* Landmark.swift */; };
		0B731ADF2BA0D2D500DFECCD /* DataStore.swift in Sources */ = {isa = PBXBuildFile; fileRef = 0BBB80662B7D93A900E71E21 /* DataStore.swift */; };
		0B731AE02BA0D2D500DFECCD /* MapView.swift in Sources */ = {isa = PBXBuildFile; fileRef = 0BBB80602B7D762700E71E21 /* MapView.swift */; };
		0B731AE12BA0D2D500DFECCD /* LandmarkRowView.swift in Sources */ = {isa = PBXBuildFile; fileRef = 0BBB806B2B7D9FC400E71E21 /* LandmarkRowView.swift */; };
		0B731AE22BA0D2D500DFECCD /* Hike.swift in Sources */ = {isa = PBXBuildFile; fileRef = 0BBB80822B85490600E71E21 /* Hike.swift */; };
		0B731AE32BA0D2D500DFECCD /* LandmarksApp.swift in Sources */ = {isa = PBXBuildFile; fileRef = 0BBB80342B7D2A4900E71E21 /* LandmarksApp.swift */; };
		0B731AE42BA0D2D500DFECCD /* LandmarkListView.swift in Sources */ = {isa = PBXBuildFile; fileRef = 0BBB806D2B7DA2AE00E71E21 /* LandmarkListView.swift */; };
		0B731AE52BA0D2D500DFECCD /* Profile.swift in Sources */ = {isa = PBXBuildFile; fileRef = 0BBB80962B8CF84900E71E21 /* Profile.swift */; };
		0B731AE72BA0D40200DFECCD /* LandmarkDetailView.swift in Sources */ = {isa = PBXBuildFile; fileRef = 0B731AE62BA0D40200DFECCD /* LandmarkDetailView.swift */; };
		0B731AE92BA0DEBF00DFECCD /* LandmarkListView.swift in Sources */ = {isa = PBXBuildFile; fileRef = 0B731AE82BA0DEBF00DFECCD /* LandmarkListView.swift */; };
		0B731AEC2BA0E7E200DFECCD /* LandmarkCommands.swift in Sources */ = {isa = PBXBuildFile; fileRef = 0B731AEA2BA0E7E200DFECCD /* LandmarkCommands.swift */; };
		0B731AF02BA1FEEA00DFECCD /* LandmarkSettingsView.swift in Sources */ = {isa = PBXBuildFile; fileRef = 0B731AEE2BA1FEEA00DFECCD /* LandmarkSettingsView.swift */; };
		0BB92B2A2B9B70E8007D0CB9 /* ContentView.swift in Sources */ = {isa = PBXBuildFile; fileRef = 0BB92B292B9B70E8007D0CB9 /* ContentView.swift */; };
		0BB92B2C2B9B70EC007D0CB9 /* Assets.xcassets in Resources */ = {isa = PBXBuildFile; fileRef = 0BB92B2B2B9B70EC007D0CB9 /* Assets.xcassets */; };
		0BB92B2F2B9B70EC007D0CB9 /* Preview Assets.xcassets in Resources */ = {isa = PBXBuildFile; fileRef = 0BB92B2E2B9B70EC007D0CB9 /* Preview Assets.xcassets */; };
		0BB92B392B9B70ED007D0CB9 /* WatchLandmarks_Watch_AppTests.swift in Sources */ = {isa = PBXBuildFile; fileRef = 0BB92B382B9B70ED007D0CB9 /* WatchLandmarks_Watch_AppTests.swift */; };
		0BB92B432B9B70ED007D0CB9 /* WatchLandmarks_Watch_AppUITests.swift in Sources */ = {isa = PBXBuildFile; fileRef = 0BB92B422B9B70ED007D0CB9 /* WatchLandmarks_Watch_AppUITests.swift */; };
		0BB92B452B9B70ED007D0CB9 /* WatchLandmarks_Watch_AppUITestsLaunchTests.swift in Sources */ = {isa = PBXBuildFile; fileRef = 0BB92B442B9B70ED007D0CB9 /* WatchLandmarks_Watch_AppUITestsLaunchTests.swift */; };
		0BB92B482B9B70ED007D0CB9 /* WatchLandmarks Watch App.app in Embed Watch Content */ = {isa = PBXBuildFile; fileRef = 0BB92B252B9B70E8007D0CB9 /* WatchLandmarks Watch App.app */; settings = {ATTRIBUTES = (RemoveHeadersOnCopy, ); }; };
		0BB92B532B9B72C2007D0CB9 /* Landmark.swift in Sources */ = {isa = PBXBuildFile; fileRef = 0BBB80642B7D911800E71E21 /* Landmark.swift */; };
		0BB92B542B9B72C2007D0CB9 /* LandmarksApp.swift in Sources */ = {isa = PBXBuildFile; fileRef = 0BBB80342B7D2A4900E71E21 /* LandmarksApp.swift */; };
		0BB92B552B9B72C2007D0CB9 /* Profile.swift in Sources */ = {isa = PBXBuildFile; fileRef = 0BBB80962B8CF84900E71E21 /* Profile.swift */; };
		0BB92B562B9B72C2007D0CB9 /* MapView.swift in Sources */ = {isa = PBXBuildFile; fileRef = 0BBB80602B7D762700E71E21 /* MapView.swift */; };
		0BB92B572B9B72C2007D0CB9 /* DataStore.swift in Sources */ = {isa = PBXBuildFile; fileRef = 0BBB80662B7D93A900E71E21 /* DataStore.swift */; };
		0BB92B582B9B72C2007D0CB9 /* Hike.swift in Sources */ = {isa = PBXBuildFile; fileRef = 0BBB80822B85490600E71E21 /* Hike.swift */; };
		0BB92B5A2B9B72C2007D0CB9 /* CircleImageView.swift in Sources */ = {isa = PBXBuildFile; fileRef = 0BBB805E2B7D750100E71E21 /* CircleImageView.swift */; };
		0BB92B5B2B9B72C2007D0CB9 /* LandmarkRowView.swift in Sources */ = {isa = PBXBuildFile; fileRef = 0BBB806B2B7D9FC400E71E21 /* LandmarkRowView.swift */; };
		0BB92B5C2B9B72C2007D0CB9 /* hikeData.json in Resources */ = {isa = PBXBuildFile; fileRef = 0BBB80802B8548A000E71E21 /* hikeData.json */; };
		0BB92B5D2B9B72C2007D0CB9 /* landmarkData.json in Resources */ = {isa = PBXBuildFile; fileRef = 0BBB80622B7D90F600E71E21 /* landmarkData.json */; };
		0BB92B5E2B9B72F6007D0CB9 /* Assets.xcassets in Resources */ = {isa = PBXBuildFile; fileRef = 0BBB80382B7D2A5000E71E21 /* Assets.xcassets */; };
		0BB92B612B9B74DE007D0CB9 /* LandmarkDetailView.swift in Sources */ = {isa = PBXBuildFile; fileRef = 0BB92B602B9B74DE007D0CB9 /* LandmarkDetailView.swift */; };
		0BB92B632B9B7AB9007D0CB9 /* NotificationView.swift in Sources */ = {isa = PBXBuildFile; fileRef = 0BB92B622B9B7AB9007D0CB9 /* NotificationView.swift */; };
		0BB92B672B9B7BB7007D0CB9 /* NotificationController.swift in Sources */ = {isa = PBXBuildFile; fileRef = 0BB92B662B9B7BB7007D0CB9 /* NotificationController.swift */; };
		0BBB80352B7D2A4900E71E21 /* LandmarksApp.swift in Sources */ = {isa = PBXBuildFile; fileRef = 0BBB80342B7D2A4900E71E21 /* LandmarksApp.swift */; };
		0BBB80372B7D2A4900E71E21 /* ContentView.swift in Sources */ = {isa = PBXBuildFile; fileRef = 0BBB80362B7D2A4900E71E21 /* ContentView.swift */; };
		0BBB80392B7D2A5000E71E21 /* Assets.xcassets in Resources */ = {isa = PBXBuildFile; fileRef = 0BBB80382B7D2A5000E71E21 /* Assets.xcassets */; };
		0BBB803C2B7D2A5000E71E21 /* Preview Assets.xcassets in Resources */ = {isa = PBXBuildFile; fileRef = 0BBB803B2B7D2A5000E71E21 /* Preview Assets.xcassets */; };
		0BBB80462B7D2A5100E71E21 /* LandmarksTests.swift in Sources */ = {isa = PBXBuildFile; fileRef = 0BBB80452B7D2A5100E71E21 /* LandmarksTests.swift */; };
		0BBB80502B7D2A5100E71E21 /* LandmarksUITests.swift in Sources */ = {isa = PBXBuildFile; fileRef = 0BBB804F2B7D2A5100E71E21 /* LandmarksUITests.swift */; };
		0BBB80522B7D2A5100E71E21 /* LandmarksUITestsLaunchTests.swift in Sources */ = {isa = PBXBuildFile; fileRef = 0BBB80512B7D2A5100E71E21 /* LandmarksUITestsLaunchTests.swift */; };
		0BBB805F2B7D750100E71E21 /* CircleImageView.swift in Sources */ = {isa = PBXBuildFile; fileRef = 0BBB805E2B7D750100E71E21 /* CircleImageView.swift */; };
		0BBB80612B7D762700E71E21 /* MapView.swift in Sources */ = {isa = PBXBuildFile; fileRef = 0BBB80602B7D762700E71E21 /* MapView.swift */; };
		0BBB80632B7D90F600E71E21 /* landmarkData.json in Resources */ = {isa = PBXBuildFile; fileRef = 0BBB80622B7D90F600E71E21 /* landmarkData.json */; };
		0BBB80652B7D911800E71E21 /* Landmark.swift in Sources */ = {isa = PBXBuildFile; fileRef = 0BBB80642B7D911800E71E21 /* Landmark.swift */; };
		0BBB80672B7D93A900E71E21 /* DataStore.swift in Sources */ = {isa = PBXBuildFile; fileRef = 0BBB80662B7D93A900E71E21 /* DataStore.swift */; };
		0BBB806C2B7D9FC400E71E21 /* LandmarkRowView.swift in Sources */ = {isa = PBXBuildFile; fileRef = 0BBB806B2B7D9FC400E71E21 /* LandmarkRowView.swift */; };
		0BBB806E2B7DA2AE00E71E21 /* LandmarkListView.swift in Sources */ = {isa = PBXBuildFile; fileRef = 0BBB806D2B7DA2AE00E71E21 /* LandmarkListView.swift */; };
		0BBB80702B7DA44200E71E21 /* LandmarkDetailView.swift in Sources */ = {isa = PBXBuildFile; fileRef = 0BBB806F2B7DA44200E71E21 /* LandmarkDetailView.swift */; };
		0BBB80722B7EBAB800E71E21 /* FavoriteButtonView.swift in Sources */ = {isa = PBXBuildFile; fileRef = 0BBB80712B7EBAB800E71E21 /* FavoriteButtonView.swift */; };
		0BBB80762B851E4A00E71E21 /* HexagonParameters.swift in Sources */ = {isa = PBXBuildFile; fileRef = 0BBB80752B851E4A00E71E21 /* HexagonParameters.swift */; };
		0BBB80782B851FE900E71E21 /* BadgeBackground.swift in Sources */ = {isa = PBXBuildFile; fileRef = 0BBB80772B851FE900E71E21 /* BadgeBackground.swift */; };
		0BBB807A2B85242F00E71E21 /* BadgeSymbol.swift in Sources */ = {isa = PBXBuildFile; fileRef = 0BBB80792B85242F00E71E21 /* BadgeSymbol.swift */; };
		0BBB807C2B8534E300E71E21 /* RotatedBadgeSymbol.swift in Sources */ = {isa = PBXBuildFile; fileRef = 0BBB807B2B8534E300E71E21 /* RotatedBadgeSymbol.swift */; };
		0BBB807E2B8535B900E71E21 /* BadgeView.swift in Sources */ = {isa = PBXBuildFile; fileRef = 0BBB807D2B8535B900E71E21 /* BadgeView.swift */; };
		0BBB80812B8548A000E71E21 /* hikeData.json in Resources */ = {isa = PBXBuildFile; fileRef = 0BBB80802B8548A000E71E21 /* hikeData.json */; };
		0BBB80832B85490600E71E21 /* Hike.swift in Sources */ = {isa = PBXBuildFile; fileRef = 0BBB80822B85490600E71E21 /* Hike.swift */; };
		0BBB808B2B854D7300E71E21 /* GraphCapsule.swift in Sources */ = {isa = PBXBuildFile; fileRef = 0BBB80872B854D7300E71E21 /* GraphCapsule.swift */; };
		0BBB808C2B854D7300E71E21 /* HikeGraph.swift in Sources */ = {isa = PBXBuildFile; fileRef = 0BBB80882B854D7300E71E21 /* HikeGraph.swift */; };
		0BBB808D2B854D7300E71E21 /* HikeDetail.swift in Sources */ = {isa = PBXBuildFile; fileRef = 0BBB80892B854D7300E71E21 /* HikeDetail.swift */; };
		0BBB808E2B854D7300E71E21 /* HikeView.swift in Sources */ = {isa = PBXBuildFile; fileRef = 0BBB808A2B854D7300E71E21 /* HikeView.swift */; };
		0BBB80912B86AB9800E71E21 /* CategoryHomeView.swift in Sources */ = {isa = PBXBuildFile; fileRef = 0BBB80902B86AB9800E71E21 /* CategoryHomeView.swift */; };
		0BBB80932B86AF6900E71E21 /* CategoryRowView.swift in Sources */ = {isa = PBXBuildFile; fileRef = 0BBB80922B86AF6900E71E21 /* CategoryRowView.swift */; };
		0BBB80952B86B21200E71E21 /* CategoryItemView.swift in Sources */ = {isa = PBXBuildFile; fileRef = 0BBB80942B86B21200E71E21 /* CategoryItemView.swift */; };
		0BBB80972B8CF84900E71E21 /* Profile.swift in Sources */ = {isa = PBXBuildFile; fileRef = 0BBB80962B8CF84900E71E21 /* Profile.swift */; };
		0BBB809A2B8CF8D300E71E21 /* ProfileHostView.swift in Sources */ = {isa = PBXBuildFile; fileRef = 0BBB80992B8CF8D300E71E21 /* ProfileHostView.swift */; };
		0BBB809C2B8CF99700E71E21 /* ProfileSummaryView.swift in Sources */ = {isa = PBXBuildFile; fileRef = 0BBB809B2B8CF99700E71E21 /* ProfileSummaryView.swift */; };
		0BBB809E2B8D31D800E71E21 /* HikeBadgeView.swift in Sources */ = {isa = PBXBuildFile; fileRef = 0BBB809D2B8D31D800E71E21 /* HikeBadgeView.swift */; };
		0BBB80A02B8D3CF800E71E21 /* ProfileEditorView.swift in Sources */ = {isa = PBXBuildFile; fileRef = 0BBB809F2B8D3CF800E71E21 /* ProfileEditorView.swift */; };
		0BBB80A42B9633D000E71E21 /* PageViewController.swift in Sources */ = {isa = PBXBuildFile; fileRef = 0BBB80A32B9633D000E71E21 /* PageViewController.swift */; };
		0BBB80A62B96362D00E71E21 /* FeatureCardView.swift in Sources */ = {isa = PBXBuildFile; fileRef = 0BBB80A52B96362D00E71E21 /* FeatureCardView.swift */; };
		0BBB80A82B96376600E71E21 /* TextOverlayView.swift in Sources */ = {isa = PBXBuildFile; fileRef = 0BBB80A72B96376600E71E21 /* TextOverlayView.swift */; };
		0BBB80AA2B96380B00E71E21 /* PageView.swift in Sources */ = {isa = PBXBuildFile; fileRef = 0BBB80A92B96380B00E71E21 /* PageView.swift */; };
		0BBB80AC2B9644E900E71E21 /* PageControlView.swift in Sources */ = {isa = PBXBuildFile; fileRef = 0BBB80AB2B9644E900E71E21 /* PageControlView.swift */; };
/* End PBXBuildFile section */

/* Begin PBXContainerItemProxy section */
		0B731ABF2BA0B71700DFECCD /* PBXContainerItemProxy */ = {
			isa = PBXContainerItemProxy;
			containerPortal = 0BBB80292B7D2A4800E71E21 /* Project object */;
			proxyType = 1;
			remoteGlobalIDString = 0B731AAD2BA0B71400DFECCD;
			remoteInfo = MacLandmarks;
		};
		0B731AC92BA0B71700DFECCD /* PBXContainerItemProxy */ = {
			isa = PBXContainerItemProxy;
			containerPortal = 0BBB80292B7D2A4800E71E21 /* Project object */;
			proxyType = 1;
			remoteGlobalIDString = 0B731AAD2BA0B71400DFECCD;
			remoteInfo = MacLandmarks;
		};
		0BB92B352B9B70ED007D0CB9 /* PBXContainerItemProxy */ = {
			isa = PBXContainerItemProxy;
			containerPortal = 0BBB80292B7D2A4800E71E21 /* Project object */;
			proxyType = 1;
			remoteGlobalIDString = 0BB92B242B9B70E8007D0CB9;
			remoteInfo = "WatchLandmarks Watch App";
		};
		0BB92B3F2B9B70ED007D0CB9 /* PBXContainerItemProxy */ = {
			isa = PBXContainerItemProxy;
			containerPortal = 0BBB80292B7D2A4800E71E21 /* Project object */;
			proxyType = 1;
			remoteGlobalIDString = 0BB92B242B9B70E8007D0CB9;
			remoteInfo = "WatchLandmarks Watch App";
		};
		0BB92B462B9B70ED007D0CB9 /* PBXContainerItemProxy */ = {
			isa = PBXContainerItemProxy;
			containerPortal = 0BBB80292B7D2A4800E71E21 /* Project object */;
			proxyType = 1;
			remoteGlobalIDString = 0BB92B242B9B70E8007D0CB9;
			remoteInfo = "WatchLandmarks Watch App";
		};
		0BBB80422B7D2A5100E71E21 /* PBXContainerItemProxy */ = {
			isa = PBXContainerItemProxy;
			containerPortal = 0BBB80292B7D2A4800E71E21 /* Project object */;
			proxyType = 1;
			remoteGlobalIDString = 0BBB80302B7D2A4900E71E21;
			remoteInfo = Landmarks;
		};
		0BBB804C2B7D2A5100E71E21 /* PBXContainerItemProxy */ = {
			isa = PBXContainerItemProxy;
			containerPortal = 0BBB80292B7D2A4800E71E21 /* Project object */;
			proxyType = 1;
			remoteGlobalIDString = 0BBB80302B7D2A4900E71E21;
			remoteInfo = Landmarks;
		};
/* End PBXContainerItemProxy section */

/* Begin PBXCopyFilesBuildPhase section */
		0BB92B492B9B70ED007D0CB9 /* Embed Watch Content */ = {
			isa = PBXCopyFilesBuildPhase;
			buildActionMask = 2147483647;
			dstPath = "$(CONTENTS_FOLDER_PATH)/Watch";
			dstSubfolderSpec = 16;
			files = (
				0BB92B482B9B70ED007D0CB9 /* WatchLandmarks Watch App.app in Embed Watch Content */,
			);
			name = "Embed Watch Content";
			runOnlyForDeploymentPostprocessing = 0;
		};
/* End PBXCopyFilesBuildPhase section */

/* Begin PBXFileReference section */
		0B731AAE2BA0B71400DFECCD /* MacLandmarks.app */ = {isa = PBXFileReference; explicitFileType = wrapper.application; includeInIndex = 0; path = MacLandmarks.app; sourceTree = BUILT_PRODUCTS_DIR; };
		0B731AB22BA0B71400DFECCD /* ContentView.swift */ = {isa = PBXFileReference; lastKnownFileType = sourcecode.swift; path = ContentView.swift; sourceTree = "<group>"; };
		0B731AB42BA0B71700DFECCD /* Assets.xcassets */ = {isa = PBXFileReference; lastKnownFileType = folder.assetcatalog; path = Assets.xcassets; sourceTree = "<group>"; };
		0B731AB72BA0B71700DFECCD /* Preview Assets.xcassets */ = {isa = PBXFileReference; lastKnownFileType = folder.assetcatalog; path = "Preview Assets.xcassets"; sourceTree = "<group>"; };
		0B731AB92BA0B71700DFECCD /* MacLandmarks.entitlements */ = {isa = PBXFileReference; lastKnownFileType = text.plist.entitlements; path = MacLandmarks.entitlements; sourceTree = "<group>"; };
		0B731ABE2BA0B71700DFECCD /* MacLandmarksTests.xctest */ = {isa = PBXFileReference; explicitFileType = wrapper.cfbundle; includeInIndex = 0; path = MacLandmarksTests.xctest; sourceTree = BUILT_PRODUCTS_DIR; };
		0B731AC22BA0B71700DFECCD /* MacLandmarksTests.swift */ = {isa = PBXFileReference; lastKnownFileType = sourcecode.swift; path = MacLandmarksTests.swift; sourceTree = "<group>"; };
		0B731AC82BA0B71700DFECCD /* MacLandmarksUITests.xctest */ = {isa = PBXFileReference; explicitFileType = wrapper.cfbundle; includeInIndex = 0; path = MacLandmarksUITests.xctest; sourceTree = BUILT_PRODUCTS_DIR; };
		0B731ACC2BA0B71800DFECCD /* MacLandmarksUITests.swift */ = {isa = PBXFileReference; lastKnownFileType = sourcecode.swift; path = MacLandmarksUITests.swift; sourceTree = "<group>"; };
		0B731ACE2BA0B71800DFECCD /* MacLandmarksUITestsLaunchTests.swift */ = {isa = PBXFileReference; lastKnownFileType = sourcecode.swift; path = MacLandmarksUITestsLaunchTests.swift; sourceTree = "<group>"; };
		0B731AE62BA0D40200DFECCD /* LandmarkDetailView.swift */ = {isa = PBXFileReference; lastKnownFileType = sourcecode.swift; path = LandmarkDetailView.swift; sourceTree = "<group>"; };
		0B731AE82BA0DEBF00DFECCD /* LandmarkListView.swift */ = {isa = PBXFileReference; lastKnownFileType = sourcecode.swift; path = LandmarkListView.swift; sourceTree = "<group>"; };
		0B731AEA2BA0E7E200DFECCD /* LandmarkCommands.swift */ = {isa = PBXFileReference; lastKnownFileType = sourcecode.swift; path = LandmarkCommands.swift; sourceTree = "<group>"; };
		0B731AEE2BA1FEEA00DFECCD /* LandmarkSettingsView.swift */ = {isa = PBXFileReference; lastKnownFileType = sourcecode.swift; path = LandmarkSettingsView.swift; sourceTree = "<group>"; };
		0BB92B252B9B70E8007D0CB9 /* WatchLandmarks Watch App.app */ = {isa = PBXFileReference; explicitFileType = wrapper.application; includeInIndex = 0; path = "WatchLandmarks Watch App.app"; sourceTree = BUILT_PRODUCTS_DIR; };
		0BB92B292B9B70E8007D0CB9 /* ContentView.swift */ = {isa = PBXFileReference; lastKnownFileType = sourcecode.swift; path = ContentView.swift; sourceTree = "<group>"; };
		0BB92B2B2B9B70EC007D0CB9 /* Assets.xcassets */ = {isa = PBXFileReference; lastKnownFileType = folder.assetcatalog; path = Assets.xcassets; sourceTree = "<group>"; };
		0BB92B2E2B9B70EC007D0CB9 /* Preview Assets.xcassets */ = {isa = PBXFileReference; lastKnownFileType = folder.assetcatalog; path = "Preview Assets.xcassets"; sourceTree = "<group>"; };
		0BB92B342B9B70ED007D0CB9 /* WatchLandmarks Watch AppTests.xctest */ = {isa = PBXFileReference; explicitFileType = wrapper.cfbundle; includeInIndex = 0; path = "WatchLandmarks Watch AppTests.xctest"; sourceTree = BUILT_PRODUCTS_DIR; };
		0BB92B382B9B70ED007D0CB9 /* WatchLandmarks_Watch_AppTests.swift */ = {isa = PBXFileReference; lastKnownFileType = sourcecode.swift; path = WatchLandmarks_Watch_AppTests.swift; sourceTree = "<group>"; };
		0BB92B3E2B9B70ED007D0CB9 /* WatchLandmarks Watch AppUITests.xctest */ = {isa = PBXFileReference; explicitFileType = wrapper.cfbundle; includeInIndex = 0; path = "WatchLandmarks Watch AppUITests.xctest"; sourceTree = BUILT_PRODUCTS_DIR; };
		0BB92B422B9B70ED007D0CB9 /* WatchLandmarks_Watch_AppUITests.swift */ = {isa = PBXFileReference; lastKnownFileType = sourcecode.swift; path = WatchLandmarks_Watch_AppUITests.swift; sourceTree = "<group>"; };
		0BB92B442B9B70ED007D0CB9 /* WatchLandmarks_Watch_AppUITestsLaunchTests.swift */ = {isa = PBXFileReference; lastKnownFileType = sourcecode.swift; path = WatchLandmarks_Watch_AppUITestsLaunchTests.swift; sourceTree = "<group>"; };
		0BB92B602B9B74DE007D0CB9 /* LandmarkDetailView.swift */ = {isa = PBXFileReference; lastKnownFileType = sourcecode.swift; path = LandmarkDetailView.swift; sourceTree = "<group>"; };
		0BB92B622B9B7AB9007D0CB9 /* NotificationView.swift */ = {isa = PBXFileReference; lastKnownFileType = sourcecode.swift; path = NotificationView.swift; sourceTree = "<group>"; };
		0BB92B662B9B7BB7007D0CB9 /* NotificationController.swift */ = {isa = PBXFileReference; lastKnownFileType = sourcecode.swift; path = NotificationController.swift; sourceTree = "<group>"; };
		0BB92B692B9B7E46007D0CB9 /* PushNotificationPayload.apns */ = {isa = PBXFileReference; lastKnownFileType = text; path = PushNotificationPayload.apns; sourceTree = "<group>"; };
		0BBB80312B7D2A4900E71E21 /* Landmarks.app */ = {isa = PBXFileReference; explicitFileType = wrapper.application; includeInIndex = 0; path = Landmarks.app; sourceTree = BUILT_PRODUCTS_DIR; };
		0BBB80342B7D2A4900E71E21 /* LandmarksApp.swift */ = {isa = PBXFileReference; lastKnownFileType = sourcecode.swift; path = LandmarksApp.swift; sourceTree = "<group>"; };
		0BBB80362B7D2A4900E71E21 /* ContentView.swift */ = {isa = PBXFileReference; lastKnownFileType = sourcecode.swift; path = ContentView.swift; sourceTree = "<group>"; };
		0BBB80382B7D2A5000E71E21 /* Assets.xcassets */ = {isa = PBXFileReference; lastKnownFileType = folder.assetcatalog; path = Assets.xcassets; sourceTree = "<group>"; };
		0BBB803B2B7D2A5000E71E21 /* Preview Assets.xcassets */ = {isa = PBXFileReference; lastKnownFileType = folder.assetcatalog; path = "Preview Assets.xcassets"; sourceTree = "<group>"; };
		0BBB80412B7D2A5100E71E21 /* LandmarksTests.xctest */ = {isa = PBXFileReference; explicitFileType = wrapper.cfbundle; includeInIndex = 0; path = LandmarksTests.xctest; sourceTree = BUILT_PRODUCTS_DIR; };
		0BBB80452B7D2A5100E71E21 /* LandmarksTests.swift */ = {isa = PBXFileReference; lastKnownFileType = sourcecode.swift; path = LandmarksTests.swift; sourceTree = "<group>"; };
		0BBB804B2B7D2A5100E71E21 /* LandmarksUITests.xctest */ = {isa = PBXFileReference; explicitFileType = wrapper.cfbundle; includeInIndex = 0; path = LandmarksUITests.xctest; sourceTree = BUILT_PRODUCTS_DIR; };
		0BBB804F2B7D2A5100E71E21 /* LandmarksUITests.swift */ = {isa = PBXFileReference; lastKnownFileType = sourcecode.swift; path = LandmarksUITests.swift; sourceTree = "<group>"; };
		0BBB80512B7D2A5100E71E21 /* LandmarksUITestsLaunchTests.swift */ = {isa = PBXFileReference; lastKnownFileType = sourcecode.swift; path = LandmarksUITestsLaunchTests.swift; sourceTree = "<group>"; };
		0BBB805E2B7D750100E71E21 /* CircleImageView.swift */ = {isa = PBXFileReference; lastKnownFileType = sourcecode.swift; path = CircleImageView.swift; sourceTree = "<group>"; };
		0BBB80602B7D762700E71E21 /* MapView.swift */ = {isa = PBXFileReference; lastKnownFileType = sourcecode.swift; path = MapView.swift; sourceTree = "<group>"; };
		0BBB80622B7D90F600E71E21 /* landmarkData.json */ = {isa = PBXFileReference; fileEncoding = 4; lastKnownFileType = text.json; path = landmarkData.json; sourceTree = "<group>"; };
		0BBB80642B7D911800E71E21 /* Landmark.swift */ = {isa = PBXFileReference; lastKnownFileType = sourcecode.swift; path = Landmark.swift; sourceTree = "<group>"; };
		0BBB80662B7D93A900E71E21 /* DataStore.swift */ = {isa = PBXFileReference; lastKnownFileType = sourcecode.swift; path = DataStore.swift; sourceTree = "<group>"; };
		0BBB806B2B7D9FC400E71E21 /* LandmarkRowView.swift */ = {isa = PBXFileReference; lastKnownFileType = sourcecode.swift; path = LandmarkRowView.swift; sourceTree = "<group>"; };
		0BBB806D2B7DA2AE00E71E21 /* LandmarkListView.swift */ = {isa = PBXFileReference; lastKnownFileType = sourcecode.swift; path = LandmarkListView.swift; sourceTree = "<group>"; };
		0BBB806F2B7DA44200E71E21 /* LandmarkDetailView.swift */ = {isa = PBXFileReference; lastKnownFileType = sourcecode.swift; path = LandmarkDetailView.swift; sourceTree = "<group>"; };
		0BBB80712B7EBAB800E71E21 /* FavoriteButtonView.swift */ = {isa = PBXFileReference; lastKnownFileType = sourcecode.swift; path = FavoriteButtonView.swift; sourceTree = "<group>"; };
		0BBB80752B851E4A00E71E21 /* HexagonParameters.swift */ = {isa = PBXFileReference; lastKnownFileType = sourcecode.swift; path = HexagonParameters.swift; sourceTree = "<group>"; };
		0BBB80772B851FE900E71E21 /* BadgeBackground.swift */ = {isa = PBXFileReference; lastKnownFileType = sourcecode.swift; path = BadgeBackground.swift; sourceTree = "<group>"; };
		0BBB80792B85242F00E71E21 /* BadgeSymbol.swift */ = {isa = PBXFileReference; lastKnownFileType = sourcecode.swift; path = BadgeSymbol.swift; sourceTree = "<group>"; };
		0BBB807B2B8534E300E71E21 /* RotatedBadgeSymbol.swift */ = {isa = PBXFileReference; lastKnownFileType = sourcecode.swift; path = RotatedBadgeSymbol.swift; sourceTree = "<group>"; };
		0BBB807D2B8535B900E71E21 /* BadgeView.swift */ = {isa = PBXFileReference; lastKnownFileType = sourcecode.swift; path = BadgeView.swift; sourceTree = "<group>"; };
		0BBB80802B8548A000E71E21 /* hikeData.json */ = {isa = PBXFileReference; fileEncoding = 4; lastKnownFileType = text.json; path = hikeData.json; sourceTree = "<group>"; };
		0BBB80822B85490600E71E21 /* Hike.swift */ = {isa = PBXFileReference; lastKnownFileType = sourcecode.swift; path = Hike.swift; sourceTree = "<group>"; };
		0BBB80872B854D7300E71E21 /* GraphCapsule.swift */ = {isa = PBXFileReference; fileEncoding = 4; lastKnownFileType = sourcecode.swift; path = GraphCapsule.swift; sourceTree = "<group>"; };
		0BBB80882B854D7300E71E21 /* HikeGraph.swift */ = {isa = PBXFileReference; fileEncoding = 4; lastKnownFileType = sourcecode.swift; path = HikeGraph.swift; sourceTree = "<group>"; };
		0BBB80892B854D7300E71E21 /* HikeDetail.swift */ = {isa = PBXFileReference; fileEncoding = 4; lastKnownFileType = sourcecode.swift; path = HikeDetail.swift; sourceTree = "<group>"; };
		0BBB808A2B854D7300E71E21 /* HikeView.swift */ = {isa = PBXFileReference; fileEncoding = 4; lastKnownFileType = sourcecode.swift; path = HikeView.swift; sourceTree = "<group>"; };
		0BBB80902B86AB9800E71E21 /* CategoryHomeView.swift */ = {isa = PBXFileReference; lastKnownFileType = sourcecode.swift; path = CategoryHomeView.swift; sourceTree = "<group>"; };
		0BBB80922B86AF6900E71E21 /* CategoryRowView.swift */ = {isa = PBXFileReference; lastKnownFileType = sourcecode.swift; path = CategoryRowView.swift; sourceTree = "<group>"; };
		0BBB80942B86B21200E71E21 /* CategoryItemView.swift */ = {isa = PBXFileReference; lastKnownFileType = sourcecode.swift; path = CategoryItemView.swift; sourceTree = "<group>"; };
		0BBB80962B8CF84900E71E21 /* Profile.swift */ = {isa = PBXFileReference; lastKnownFileType = sourcecode.swift; path = Profile.swift; sourceTree = "<group>"; };
		0BBB80992B8CF8D300E71E21 /* ProfileHostView.swift */ = {isa = PBXFileReference; lastKnownFileType = sourcecode.swift; path = ProfileHostView.swift; sourceTree = "<group>"; };
		0BBB809B2B8CF99700E71E21 /* ProfileSummaryView.swift */ = {isa = PBXFileReference; lastKnownFileType = sourcecode.swift; path = ProfileSummaryView.swift; sourceTree = "<group>"; };
		0BBB809D2B8D31D800E71E21 /* HikeBadgeView.swift */ = {isa = PBXFileReference; lastKnownFileType = sourcecode.swift; path = HikeBadgeView.swift; sourceTree = "<group>"; };
		0BBB809F2B8D3CF800E71E21 /* ProfileEditorView.swift */ = {isa = PBXFileReference; lastKnownFileType = sourcecode.swift; path = ProfileEditorView.swift; sourceTree = "<group>"; };
		0BBB80A32B9633D000E71E21 /* PageViewController.swift */ = {isa = PBXFileReference; lastKnownFileType = sourcecode.swift; path = PageViewController.swift; sourceTree = "<group>"; };
		0BBB80A52B96362D00E71E21 /* FeatureCardView.swift */ = {isa = PBXFileReference; lastKnownFileType = sourcecode.swift; path = FeatureCardView.swift; sourceTree = "<group>"; };
		0BBB80A72B96376600E71E21 /* TextOverlayView.swift */ = {isa = PBXFileReference; lastKnownFileType = sourcecode.swift; path = TextOverlayView.swift; sourceTree = "<group>"; };
		0BBB80A92B96380B00E71E21 /* PageView.swift */ = {isa = PBXFileReference; lastKnownFileType = sourcecode.swift; path = PageView.swift; sourceTree = "<group>"; };
		0BBB80AB2B9644E900E71E21 /* PageControlView.swift */ = {isa = PBXFileReference; lastKnownFileType = sourcecode.swift; path = PageControlView.swift; sourceTree = "<group>"; };
/* End PBXFileReference section */

/* Begin PBXFrameworksBuildPhase section */
		0B731AAB2BA0B71400DFECCD /* Frameworks */ = {
			isa = PBXFrameworksBuildPhase;
			buildActionMask = 2147483647;
			files = (
			);
			runOnlyForDeploymentPostprocessing = 0;
		};
		0B731ABB2BA0B71700DFECCD /* Frameworks */ = {
			isa = PBXFrameworksBuildPhase;
			buildActionMask = 2147483647;
			files = (
			);
			runOnlyForDeploymentPostprocessing = 0;
		};
		0B731AC52BA0B71700DFECCD /* Frameworks */ = {
			isa = PBXFrameworksBuildPhase;
			buildActionMask = 2147483647;
			files = (
			);
			runOnlyForDeploymentPostprocessing = 0;
		};
		0BB92B222B9B70E8007D0CB9 /* Frameworks */ = {
			isa = PBXFrameworksBuildPhase;
			buildActionMask = 2147483647;
			files = (
			);
			runOnlyForDeploymentPostprocessing = 0;
		};
		0BB92B312B9B70ED007D0CB9 /* Frameworks */ = {
			isa = PBXFrameworksBuildPhase;
			buildActionMask = 2147483647;
			files = (
			);
			runOnlyForDeploymentPostprocessing = 0;
		};
		0BB92B3B2B9B70ED007D0CB9 /* Frameworks */ = {
			isa = PBXFrameworksBuildPhase;
			buildActionMask = 2147483647;
			files = (
			);
			runOnlyForDeploymentPostprocessing = 0;
		};
		0BBB802E2B7D2A4900E71E21 /* Frameworks */ = {
			isa = PBXFrameworksBuildPhase;
			buildActionMask = 2147483647;
			files = (
			);
			runOnlyForDeploymentPostprocessing = 0;
		};
		0BBB803E2B7D2A5100E71E21 /* Frameworks */ = {
			isa = PBXFrameworksBuildPhase;
			buildActionMask = 2147483647;
			files = (
			);
			runOnlyForDeploymentPostprocessing = 0;
		};
		0BBB80482B7D2A5100E71E21 /* Frameworks */ = {
			isa = PBXFrameworksBuildPhase;
			buildActionMask = 2147483647;
			files = (
			);
			runOnlyForDeploymentPostprocessing = 0;
		};
/* End PBXFrameworksBuildPhase section */

/* Begin PBXGroup section */
		0B731AAF2BA0B71400DFECCD /* MacLandmarks */ = {
			isa = PBXGroup;
			children = (
				0B731AEA2BA0E7E200DFECCD /* LandmarkCommands.swift */,
				0B731AED2BA1FC6D00DFECCD /* Views */,
				0B731AB42BA0B71700DFECCD /* Assets.xcassets */,
				0B731AB92BA0B71700DFECCD /* MacLandmarks.entitlements */,
				0B731AB62BA0B71700DFECCD /* Preview Content */,
			);
			path = MacLandmarks;
			sourceTree = "<group>";
		};
		0B731AB62BA0B71700DFECCD /* Preview Content */ = {
			isa = PBXGroup;
			children = (
				0B731AB72BA0B71700DFECCD /* Preview Assets.xcassets */,
			);
			path = "Preview Content";
			sourceTree = "<group>";
		};
		0B731AC12BA0B71700DFECCD /* MacLandmarksTests */ = {
			isa = PBXGroup;
			children = (
				0B731AC22BA0B71700DFECCD /* MacLandmarksTests.swift */,
			);
			path = MacLandmarksTests;
			sourceTree = "<group>";
		};
		0B731ACB2BA0B71800DFECCD /* MacLandmarksUITests */ = {
			isa = PBXGroup;
			children = (
				0B731ACC2BA0B71800DFECCD /* MacLandmarksUITests.swift */,
				0B731ACE2BA0B71800DFECCD /* MacLandmarksUITestsLaunchTests.swift */,
			);
			path = MacLandmarksUITests;
			sourceTree = "<group>";
		};
		0B731AED2BA1FC6D00DFECCD /* Views */ = {
			isa = PBXGroup;
			children = (
				0B731AB22BA0B71400DFECCD /* ContentView.swift */,
				0B731AE62BA0D40200DFECCD /* LandmarkDetailView.swift */,
				0B731AEE2BA1FEEA00DFECCD /* LandmarkSettingsView.swift */,
			);
			path = Views;
			sourceTree = "<group>";
		};
		0BB92B262B9B70E8007D0CB9 /* WatchLandmarks Watch App */ = {
			isa = PBXGroup;
			children = (
				0BB92B682B9B7E16007D0CB9 /* Resources */,
				0BB92B642B9B7B43007D0CB9 /* Controllers */,
				0BB92B5F2B9B74B7007D0CB9 /* Views */,
				0BB92B2B2B9B70EC007D0CB9 /* Assets.xcassets */,
				0BB92B2D2B9B70EC007D0CB9 /* Preview Content */,
			);
			path = "WatchLandmarks Watch App";
			sourceTree = "<group>";
		};
		0BB92B2D2B9B70EC007D0CB9 /* Preview Content */ = {
			isa = PBXGroup;
			children = (
				0BB92B2E2B9B70EC007D0CB9 /* Preview Assets.xcassets */,
			);
			path = "Preview Content";
			sourceTree = "<group>";
		};
		0BB92B372B9B70ED007D0CB9 /* WatchLandmarks Watch AppTests */ = {
			isa = PBXGroup;
			children = (
				0BB92B382B9B70ED007D0CB9 /* WatchLandmarks_Watch_AppTests.swift */,
			);
			path = "WatchLandmarks Watch AppTests";
			sourceTree = "<group>";
		};
		0BB92B412B9B70ED007D0CB9 /* WatchLandmarks Watch AppUITests */ = {
			isa = PBXGroup;
			children = (
				0BB92B422B9B70ED007D0CB9 /* WatchLandmarks_Watch_AppUITests.swift */,
				0BB92B442B9B70ED007D0CB9 /* WatchLandmarks_Watch_AppUITestsLaunchTests.swift */,
			);
			path = "WatchLandmarks Watch AppUITests";
			sourceTree = "<group>";
		};
		0BB92B5F2B9B74B7007D0CB9 /* Views */ = {
			isa = PBXGroup;
			children = (
				0BB92B292B9B70E8007D0CB9 /* ContentView.swift */,
				0BB92B602B9B74DE007D0CB9 /* LandmarkDetailView.swift */,
				0BB92B622B9B7AB9007D0CB9 /* NotificationView.swift */,
				0B731AE82BA0DEBF00DFECCD /* LandmarkListView.swift */,
			);
			path = Views;
			sourceTree = "<group>";
		};
		0BB92B642B9B7B43007D0CB9 /* Controllers */ = {
			isa = PBXGroup;
			children = (
				0BB92B662B9B7BB7007D0CB9 /* NotificationController.swift */,
			);
			path = Controllers;
			sourceTree = "<group>";
		};
		0BB92B652B9B7B54007D0CB9 /* Pages */ = {
			isa = PBXGroup;
			children = (
				0BBB80A92B96380B00E71E21 /* PageView.swift */,
				0BBB80AB2B9644E900E71E21 /* PageControlView.swift */,
			);
			path = Pages;
			sourceTree = "<group>";
		};
		0BB92B682B9B7E16007D0CB9 /* Resources */ = {
			isa = PBXGroup;
			children = (
				0BB92B692B9B7E46007D0CB9 /* PushNotificationPayload.apns */,
			);
			path = Resources;
			sourceTree = "<group>";
		};
		0BBB80282B7D2A4800E71E21 = {
			isa = PBXGroup;
			children = (
				0BBB80332B7D2A4900E71E21 /* Landmarks */,
				0BBB80442B7D2A5100E71E21 /* LandmarksTests */,
				0BBB804E2B7D2A5100E71E21 /* LandmarksUITests */,
				0BB92B262B9B70E8007D0CB9 /* WatchLandmarks Watch App */,
				0BB92B372B9B70ED007D0CB9 /* WatchLandmarks Watch AppTests */,
				0BB92B412B9B70ED007D0CB9 /* WatchLandmarks Watch AppUITests */,
				0B731AAF2BA0B71400DFECCD /* MacLandmarks */,
				0B731AC12BA0B71700DFECCD /* MacLandmarksTests */,
				0B731ACB2BA0B71800DFECCD /* MacLandmarksUITests */,
				0BBB80322B7D2A4900E71E21 /* Products */,
			);
			sourceTree = "<group>";
		};
		0BBB80322B7D2A4900E71E21 /* Products */ = {
			isa = PBXGroup;
			children = (
				0BBB80312B7D2A4900E71E21 /* Landmarks.app */,
				0BBB80412B7D2A5100E71E21 /* LandmarksTests.xctest */,
				0BBB804B2B7D2A5100E71E21 /* LandmarksUITests.xctest */,
				0BB92B252B9B70E8007D0CB9 /* WatchLandmarks Watch App.app */,
				0BB92B342B9B70ED007D0CB9 /* WatchLandmarks Watch AppTests.xctest */,
				0BB92B3E2B9B70ED007D0CB9 /* WatchLandmarks Watch AppUITests.xctest */,
				0B731AAE2BA0B71400DFECCD /* MacLandmarks.app */,
				0B731ABE2BA0B71700DFECCD /* MacLandmarksTests.xctest */,
				0B731AC82BA0B71700DFECCD /* MacLandmarksUITests.xctest */,
			);
			name = Products;
			sourceTree = "<group>";
		};
		0BBB80332B7D2A4900E71E21 /* Landmarks */ = {
			isa = PBXGroup;
			children = (
				0BBB80A12B96338400E71E21 /* Controllers */,
				0BBB80382B7D2A5000E71E21 /* Assets.xcassets */,
				0BBB80342B7D2A4900E71E21 /* LandmarksApp.swift */,
				0BBB80692B7D94B100E71E21 /* Model */,
				0BBB803A2B7D2A5000E71E21 /* Preview Content */,
				0BBB806A2B7D94CC00E71E21 /* Resources */,
				0BBB80682B7D94A100E71E21 /* Views */,
			);
			path = Landmarks;
			sourceTree = "<group>";
		};
		0BBB803A2B7D2A5000E71E21 /* Preview Content */ = {
			isa = PBXGroup;
			children = (
				0BBB803B2B7D2A5000E71E21 /* Preview Assets.xcassets */,
			);
			path = "Preview Content";
			sourceTree = "<group>";
		};
		0BBB80442B7D2A5100E71E21 /* LandmarksTests */ = {
			isa = PBXGroup;
			children = (
				0BBB80452B7D2A5100E71E21 /* LandmarksTests.swift */,
			);
			path = LandmarksTests;
			sourceTree = "<group>";
		};
		0BBB804E2B7D2A5100E71E21 /* LandmarksUITests */ = {
			isa = PBXGroup;
			children = (
				0BBB804F2B7D2A5100E71E21 /* LandmarksUITests.swift */,
				0BBB80512B7D2A5100E71E21 /* LandmarksUITestsLaunchTests.swift */,
			);
			path = LandmarksUITests;
			sourceTree = "<group>";
		};
		0BBB80682B7D94A100E71E21 /* Views */ = {
			isa = PBXGroup;
			children = (
				0BB92B652B9B7B54007D0CB9 /* Pages */,
				0BBB80982B8CF8A100E71E21 /* Profiles */,
				0BBB808F2B86AB7700E71E21 /* Categories */,
				0BBB80862B854D7300E71E21 /* Hikes */,
				0BBB807F2B85396200E71E21 /* Badges */,
				0BBB80742B7EBC8800E71E21 /* Helpers */,
				0BBB80732B7EBC7300E71E21 /* Landmarks */,
				0BBB80362B7D2A4900E71E21 /* ContentView.swift */,
			);
			path = Views;
			sourceTree = "<group>";
		};
		0BBB80692B7D94B100E71E21 /* Model */ = {
			isa = PBXGroup;
			children = (
				0BBB80642B7D911800E71E21 /* Landmark.swift */,
				0BBB80662B7D93A900E71E21 /* DataStore.swift */,
				0BBB80822B85490600E71E21 /* Hike.swift */,
				0BBB80962B8CF84900E71E21 /* Profile.swift */,
			);
			path = Model;
			sourceTree = "<group>";
		};
		0BBB806A2B7D94CC00E71E21 /* Resources */ = {
			isa = PBXGroup;
			children = (
				0BBB80802B8548A000E71E21 /* hikeData.json */,
				0BBB80622B7D90F600E71E21 /* landmarkData.json */,
			);
			path = Resources;
			sourceTree = "<group>";
		};
		0BBB80732B7EBC7300E71E21 /* Landmarks */ = {
			isa = PBXGroup;
			children = (
				0BBB806B2B7D9FC400E71E21 /* LandmarkRowView.swift */,
				0BBB806D2B7DA2AE00E71E21 /* LandmarkListView.swift */,
				0BBB806F2B7DA44200E71E21 /* LandmarkDetailView.swift */,
			);
			path = Landmarks;
			sourceTree = "<group>";
		};
		0BBB80742B7EBC8800E71E21 /* Helpers */ = {
			isa = PBXGroup;
			children = (
				0BBB805E2B7D750100E71E21 /* CircleImageView.swift */,
				0BBB80602B7D762700E71E21 /* MapView.swift */,
				0BBB80A72B96376600E71E21 /* TextOverlayView.swift */,
				0BBB80712B7EBAB800E71E21 /* FavoriteButtonView.swift */,
				0BBB80A52B96362D00E71E21 /* FeatureCardView.swift */,
			);
			path = Helpers;
			sourceTree = "<group>";
		};
		0BBB807F2B85396200E71E21 /* Badges */ = {
			isa = PBXGroup;
			children = (
				0BBB80752B851E4A00E71E21 /* HexagonParameters.swift */,
				0BBB80772B851FE900E71E21 /* BadgeBackground.swift */,
				0BBB80792B85242F00E71E21 /* BadgeSymbol.swift */,
				0BBB807B2B8534E300E71E21 /* RotatedBadgeSymbol.swift */,
				0BBB807D2B8535B900E71E21 /* BadgeView.swift */,
			);
			path = Badges;
			sourceTree = "<group>";
		};
		0BBB80862B854D7300E71E21 /* Hikes */ = {
			isa = PBXGroup;
			children = (
				0BBB80872B854D7300E71E21 /* GraphCapsule.swift */,
				0BBB80882B854D7300E71E21 /* HikeGraph.swift */,
				0BBB80892B854D7300E71E21 /* HikeDetail.swift */,
				0BBB808A2B854D7300E71E21 /* HikeView.swift */,
				0BBB809D2B8D31D800E71E21 /* HikeBadgeView.swift */,
			);
			path = Hikes;
			sourceTree = "<group>";
		};
		0BBB808F2B86AB7700E71E21 /* Categories */ = {
			isa = PBXGroup;
			children = (
				0BBB80902B86AB9800E71E21 /* CategoryHomeView.swift */,
				0BBB80922B86AF6900E71E21 /* CategoryRowView.swift */,
				0BBB80942B86B21200E71E21 /* CategoryItemView.swift */,
			);
			path = Categories;
			sourceTree = "<group>";
		};
		0BBB80982B8CF8A100E71E21 /* Profiles */ = {
			isa = PBXGroup;
			children = (
				0BBB80992B8CF8D300E71E21 /* ProfileHostView.swift */,
				0BBB809B2B8CF99700E71E21 /* ProfileSummaryView.swift */,
				0BBB809F2B8D3CF800E71E21 /* ProfileEditorView.swift */,
			);
			path = Profiles;
			sourceTree = "<group>";
		};
		0BBB80A12B96338400E71E21 /* Controllers */ = {
			isa = PBXGroup;
			children = (
				0BBB80A22B96339600E71E21 /* Pages */,
			);
			path = Controllers;
			sourceTree = "<group>";
		};
		0BBB80A22B96339600E71E21 /* Pages */ = {
			isa = PBXGroup;
			children = (
				0BBB80A32B9633D000E71E21 /* PageViewController.swift */,
			);
			path = Pages;
			sourceTree = "<group>";
		};
/* End PBXGroup section */

/* Begin PBXNativeTarget section */
		0B731AAD2BA0B71400DFECCD /* MacLandmarks */ = {
			isa = PBXNativeTarget;
			buildConfigurationList = 0B731AD62BA0B71800DFECCD /* Build configuration list for PBXNativeTarget "MacLandmarks" */;
			buildPhases = (
				0B731AAA2BA0B71400DFECCD /* Sources */,
				0B731AAB2BA0B71400DFECCD /* Frameworks */,
				0B731AAC2BA0B71400DFECCD /* Resources */,
			);
			buildRules = (
			);
			dependencies = (
			);
			name = MacLandmarks;
			productName = MacLandmarks;
			productReference = 0B731AAE2BA0B71400DFECCD /* MacLandmarks.app */;
			productType = "com.apple.product-type.application";
		};
		0B731ABD2BA0B71700DFECCD /* MacLandmarksTests */ = {
			isa = PBXNativeTarget;
			buildConfigurationList = 0B731AD72BA0B71800DFECCD /* Build configuration list for PBXNativeTarget "MacLandmarksTests" */;
			buildPhases = (
				0B731ABA2BA0B71700DFECCD /* Sources */,
				0B731ABB2BA0B71700DFECCD /* Frameworks */,
				0B731ABC2BA0B71700DFECCD /* Resources */,
			);
			buildRules = (
			);
			dependencies = (
				0B731AC02BA0B71700DFECCD /* PBXTargetDependency */,
			);
			name = MacLandmarksTests;
			productName = MacLandmarksTests;
			productReference = 0B731ABE2BA0B71700DFECCD /* MacLandmarksTests.xctest */;
			productType = "com.apple.product-type.bundle.unit-test";
		};
		0B731AC72BA0B71700DFECCD /* MacLandmarksUITests */ = {
			isa = PBXNativeTarget;
			buildConfigurationList = 0B731AD82BA0B71800DFECCD /* Build configuration list for PBXNativeTarget "MacLandmarksUITests" */;
			buildPhases = (
				0B731AC42BA0B71700DFECCD /* Sources */,
				0B731AC52BA0B71700DFECCD /* Frameworks */,
				0B731AC62BA0B71700DFECCD /* Resources */,
			);
			buildRules = (
			);
			dependencies = (
				0B731ACA2BA0B71700DFECCD /* PBXTargetDependency */,
			);
			name = MacLandmarksUITests;
			productName = MacLandmarksUITests;
			productReference = 0B731AC82BA0B71700DFECCD /* MacLandmarksUITests.xctest */;
			productType = "com.apple.product-type.bundle.ui-testing";
		};
		0BB92B242B9B70E8007D0CB9 /* WatchLandmarks Watch App */ = {
			isa = PBXNativeTarget;
			buildConfigurationList = 0BB92B502B9B70ED007D0CB9 /* Build configuration list for PBXNativeTarget "WatchLandmarks Watch App" */;
			buildPhases = (
				0BB92B212B9B70E8007D0CB9 /* Sources */,
				0BB92B222B9B70E8007D0CB9 /* Frameworks */,
				0BB92B232B9B70E8007D0CB9 /* Resources */,
			);
			buildRules = (
			);
			dependencies = (
			);
			name = "WatchLandmarks Watch App";
			productName = "WatchLandmarks Watch App";
			productReference = 0BB92B252B9B70E8007D0CB9 /* WatchLandmarks Watch App.app */;
			productType = "com.apple.product-type.application";
		};
		0BB92B332B9B70ED007D0CB9 /* WatchLandmarks Watch AppTests */ = {
			isa = PBXNativeTarget;
			buildConfigurationList = 0BB92B512B9B70ED007D0CB9 /* Build configuration list for PBXNativeTarget "WatchLandmarks Watch AppTests" */;
			buildPhases = (
				0BB92B302B9B70ED007D0CB9 /* Sources */,
				0BB92B312B9B70ED007D0CB9 /* Frameworks */,
				0BB92B322B9B70ED007D0CB9 /* Resources */,
			);
			buildRules = (
			);
			dependencies = (
				0BB92B362B9B70ED007D0CB9 /* PBXTargetDependency */,
			);
			name = "WatchLandmarks Watch AppTests";
			productName = "WatchLandmarks Watch AppTests";
			productReference = 0BB92B342B9B70ED007D0CB9 /* WatchLandmarks Watch AppTests.xctest */;
			productType = "com.apple.product-type.bundle.unit-test";
		};
		0BB92B3D2B9B70ED007D0CB9 /* WatchLandmarks Watch AppUITests */ = {
			isa = PBXNativeTarget;
			buildConfigurationList = 0BB92B522B9B70ED007D0CB9 /* Build configuration list for PBXNativeTarget "WatchLandmarks Watch AppUITests" */;
			buildPhases = (
				0BB92B3A2B9B70ED007D0CB9 /* Sources */,
				0BB92B3B2B9B70ED007D0CB9 /* Frameworks */,
				0BB92B3C2B9B70ED007D0CB9 /* Resources */,
			);
			buildRules = (
			);
			dependencies = (
				0BB92B402B9B70ED007D0CB9 /* PBXTargetDependency */,
			);
			name = "WatchLandmarks Watch AppUITests";
			productName = "WatchLandmarks Watch AppUITests";
			productReference = 0BB92B3E2B9B70ED007D0CB9 /* WatchLandmarks Watch AppUITests.xctest */;
			productType = "com.apple.product-type.bundle.ui-testing";
		};
		0BBB80302B7D2A4900E71E21 /* Landmarks */ = {
			isa = PBXNativeTarget;
			buildConfigurationList = 0BBB80552B7D2A5100E71E21 /* Build configuration list for PBXNativeTarget "Landmarks" */;
			buildPhases = (
				0BBB802D2B7D2A4900E71E21 /* Sources */,
				0BBB802E2B7D2A4900E71E21 /* Frameworks */,
				0BBB802F2B7D2A4900E71E21 /* Resources */,
				0BB92B492B9B70ED007D0CB9 /* Embed Watch Content */,
			);
			buildRules = (
			);
			dependencies = (
				0BB92B472B9B70ED007D0CB9 /* PBXTargetDependency */,
			);
			name = Landmarks;
			productName = Landmarks;
			productReference = 0BBB80312B7D2A4900E71E21 /* Landmarks.app */;
			productType = "com.apple.product-type.application";
		};
		0BBB80402B7D2A5100E71E21 /* LandmarksTests */ = {
			isa = PBXNativeTarget;
			buildConfigurationList = 0BBB80582B7D2A5100E71E21 /* Build configuration list for PBXNativeTarget "LandmarksTests" */;
			buildPhases = (
				0BBB803D2B7D2A5100E71E21 /* Sources */,
				0BBB803E2B7D2A5100E71E21 /* Frameworks */,
				0BBB803F2B7D2A5100E71E21 /* Resources */,
			);
			buildRules = (
			);
			dependencies = (
				0BBB80432B7D2A5100E71E21 /* PBXTargetDependency */,
			);
			name = LandmarksTests;
			productName = LandmarksTests;
			productReference = 0BBB80412B7D2A5100E71E21 /* LandmarksTests.xctest */;
			productType = "com.apple.product-type.bundle.unit-test";
		};
		0BBB804A2B7D2A5100E71E21 /* LandmarksUITests */ = {
			isa = PBXNativeTarget;
			buildConfigurationList = 0BBB805B2B7D2A5100E71E21 /* Build configuration list for PBXNativeTarget "LandmarksUITests" */;
			buildPhases = (
				0BBB80472B7D2A5100E71E21 /* Sources */,
				0BBB80482B7D2A5100E71E21 /* Frameworks */,
				0BBB80492B7D2A5100E71E21 /* Resources */,
			);
			buildRules = (
			);
			dependencies = (
				0BBB804D2B7D2A5100E71E21 /* PBXTargetDependency */,
			);
			name = LandmarksUITests;
			productName = LandmarksUITests;
			productReference = 0BBB804B2B7D2A5100E71E21 /* LandmarksUITests.xctest */;
			productType = "com.apple.product-type.bundle.ui-testing";
		};
/* End PBXNativeTarget section */

/* Begin PBXProject section */
		0BBB80292B7D2A4800E71E21 /* Project object */ = {
			isa = PBXProject;
			attributes = {
				BuildIndependentTargetsInParallel = 1;
				LastSwiftUpdateCheck = 1530;
				LastUpgradeCheck = 1520;
				TargetAttributes = {
					0B731AAD2BA0B71400DFECCD = {
						CreatedOnToolsVersion = 15.3;
					};
					0B731ABD2BA0B71700DFECCD = {
						CreatedOnToolsVersion = 15.3;
						TestTargetID = 0B731AAD2BA0B71400DFECCD;
					};
					0B731AC72BA0B71700DFECCD = {
						CreatedOnToolsVersion = 15.3;
						TestTargetID = 0B731AAD2BA0B71400DFECCD;
					};
					0BB92B242B9B70E8007D0CB9 = {
						CreatedOnToolsVersion = 15.3;
					};
					0BB92B332B9B70ED007D0CB9 = {
						CreatedOnToolsVersion = 15.3;
						TestTargetID = 0BB92B242B9B70E8007D0CB9;
					};
					0BB92B3D2B9B70ED007D0CB9 = {
						CreatedOnToolsVersion = 15.3;
						TestTargetID = 0BB92B242B9B70E8007D0CB9;
					};
					0BBB80302B7D2A4900E71E21 = {
						CreatedOnToolsVersion = 15.2;
					};
					0BBB80402B7D2A5100E71E21 = {
						CreatedOnToolsVersion = 15.2;
						TestTargetID = 0BBB80302B7D2A4900E71E21;
					};
					0BBB804A2B7D2A5100E71E21 = {
						CreatedOnToolsVersion = 15.2;
						TestTargetID = 0BBB80302B7D2A4900E71E21;
					};
				};
			};
			buildConfigurationList = 0BBB802C2B7D2A4800E71E21 /* Build configuration list for PBXProject "Landmarks" */;
			compatibilityVersion = "Xcode 14.0";
			developmentRegion = en;
			hasScannedForEncodings = 0;
			knownRegions = (
				en,
				Base,
			);
			mainGroup = 0BBB80282B7D2A4800E71E21;
			productRefGroup = 0BBB80322B7D2A4900E71E21 /* Products */;
			projectDirPath = "";
			projectRoot = "";
			targets = (
				0BBB80302B7D2A4900E71E21 /* Landmarks */,
				0BBB80402B7D2A5100E71E21 /* LandmarksTests */,
				0BBB804A2B7D2A5100E71E21 /* LandmarksUITests */,
				0BB92B242B9B70E8007D0CB9 /* WatchLandmarks Watch App */,
				0BB92B332B9B70ED007D0CB9 /* WatchLandmarks Watch AppTests */,
				0BB92B3D2B9B70ED007D0CB9 /* WatchLandmarks Watch AppUITests */,
				0B731AAD2BA0B71400DFECCD /* MacLandmarks */,
				0B731ABD2BA0B71700DFECCD /* MacLandmarksTests */,
				0B731AC72BA0B71700DFECCD /* MacLandmarksUITests */,
			);
		};
/* End PBXProject section */

/* Begin PBXResourcesBuildPhase section */
		0B731AAC2BA0B71400DFECCD /* Resources */ = {
			isa = PBXResourcesBuildPhase;
			buildActionMask = 2147483647;
			files = (
				0B731AB82BA0B71700DFECCD /* Preview Assets.xcassets in Resources */,
				0B731AD92BA0D2D500DFECCD /* landmarkData.json in Resources */,
				0B731ADA2BA0D2D500DFECCD /* Assets.xcassets in Resources */,
				0B731ADB2BA0D2D500DFECCD /* hikeData.json in Resources */,
				0B731AB52BA0B71700DFECCD /* Assets.xcassets in Resources */,
			);
			runOnlyForDeploymentPostprocessing = 0;
		};
		0B731ABC2BA0B71700DFECCD /* Resources */ = {
			isa = PBXResourcesBuildPhase;
			buildActionMask = 2147483647;
			files = (
			);
			runOnlyForDeploymentPostprocessing = 0;
		};
		0B731AC62BA0B71700DFECCD /* Resources */ = {
			isa = PBXResourcesBuildPhase;
			buildActionMask = 2147483647;
			files = (
			);
			runOnlyForDeploymentPostprocessing = 0;
		};
		0BB92B232B9B70E8007D0CB9 /* Resources */ = {
			isa = PBXResourcesBuildPhase;
			buildActionMask = 2147483647;
			files = (
				0BB92B5C2B9B72C2007D0CB9 /* hikeData.json in Resources */,
				0BB92B5D2B9B72C2007D0CB9 /* landmarkData.json in Resources */,
				0BB92B2F2B9B70EC007D0CB9 /* Preview Assets.xcassets in Resources */,
				0BB92B2C2B9B70EC007D0CB9 /* Assets.xcassets in Resources */,
				0BB92B5E2B9B72F6007D0CB9 /* Assets.xcassets in Resources */,
			);
			runOnlyForDeploymentPostprocessing = 0;
		};
		0BB92B322B9B70ED007D0CB9 /* Resources */ = {
			isa = PBXResourcesBuildPhase;
			buildActionMask = 2147483647;
			files = (
			);
			runOnlyForDeploymentPostprocessing = 0;
		};
		0BB92B3C2B9B70ED007D0CB9 /* Resources */ = {
			isa = PBXResourcesBuildPhase;
			buildActionMask = 2147483647;
			files = (
			);
			runOnlyForDeploymentPostprocessing = 0;
		};
		0BBB802F2B7D2A4900E71E21 /* Resources */ = {
			isa = PBXResourcesBuildPhase;
			buildActionMask = 2147483647;
			files = (
				0BBB80812B8548A000E71E21 /* hikeData.json in Resources */,
				0BBB803C2B7D2A5000E71E21 /* Preview Assets.xcassets in Resources */,
				0BBB80392B7D2A5000E71E21 /* Assets.xcassets in Resources */,
				0BBB80632B7D90F600E71E21 /* landmarkData.json in Resources */,
			);
			runOnlyForDeploymentPostprocessing = 0;
		};
		0BBB803F2B7D2A5100E71E21 /* Resources */ = {
			isa = PBXResourcesBuildPhase;
			buildActionMask = 2147483647;
			files = (
			);
			runOnlyForDeploymentPostprocessing = 0;
		};
		0BBB80492B7D2A5100E71E21 /* Resources */ = {
			isa = PBXResourcesBuildPhase;
			buildActionMask = 2147483647;
			files = (
			);
			runOnlyForDeploymentPostprocessing = 0;
		};
/* End PBXResourcesBuildPhase section */

/* Begin PBXSourcesBuildPhase section */
		0B731AAA2BA0B71400DFECCD /* Sources */ = {
			isa = PBXSourcesBuildPhase;
			buildActionMask = 2147483647;
			files = (
				0B731ADC2BA0D2D500DFECCD /* CircleImageView.swift in Sources */,
				0B731ADD2BA0D2D500DFECCD /* FavoriteButtonView.swift in Sources */,
				0B731ADE2BA0D2D500DFECCD /* Landmark.swift in Sources */,
				0B731AE72BA0D40200DFECCD /* LandmarkDetailView.swift in Sources */,
				0B731AEC2BA0E7E200DFECCD /* LandmarkCommands.swift in Sources */,
				0B731AF02BA1FEEA00DFECCD /* LandmarkSettingsView.swift in Sources */,
				0B731ADF2BA0D2D500DFECCD /* DataStore.swift in Sources */,
				0B731AE02BA0D2D500DFECCD /* MapView.swift in Sources */,
				0B731AE12BA0D2D500DFECCD /* LandmarkRowView.swift in Sources */,
				0B731AE22BA0D2D500DFECCD /* Hike.swift in Sources */,
				0B731AE32BA0D2D500DFECCD /* LandmarksApp.swift in Sources */,
				0B731AE42BA0D2D500DFECCD /* LandmarkListView.swift in Sources */,
				0B731AE52BA0D2D500DFECCD /* Profile.swift in Sources */,
				0B731AB32BA0B71400DFECCD /* ContentView.swift in Sources */,
			);
			runOnlyForDeploymentPostprocessing = 0;
		};
		0B731ABA2BA0B71700DFECCD /* Sources */ = {
			isa = PBXSourcesBuildPhase;
			buildActionMask = 2147483647;
			files = (
				0B731AC32BA0B71700DFECCD /* MacLandmarksTests.swift in Sources */,
			);
			runOnlyForDeploymentPostprocessing = 0;
		};
		0B731AC42BA0B71700DFECCD /* Sources */ = {
			isa = PBXSourcesBuildPhase;
			buildActionMask = 2147483647;
			files = (
				0B731ACF2BA0B71800DFECCD /* MacLandmarksUITestsLaunchTests.swift in Sources */,
				0B731ACD2BA0B71800DFECCD /* MacLandmarksUITests.swift in Sources */,
			);
			runOnlyForDeploymentPostprocessing = 0;
		};
		0BB92B212B9B70E8007D0CB9 /* Sources */ = {
			isa = PBXSourcesBuildPhase;
			buildActionMask = 2147483647;
			files = (
				0BB92B532B9B72C2007D0CB9 /* Landmark.swift in Sources */,
				0BB92B612B9B74DE007D0CB9 /* LandmarkDetailView.swift in Sources */,
				0BB92B542B9B72C2007D0CB9 /* LandmarksApp.swift in Sources */,
				0BB92B552B9B72C2007D0CB9 /* Profile.swift in Sources */,
				0BB92B562B9B72C2007D0CB9 /* MapView.swift in Sources */,
				0BB92B572B9B72C2007D0CB9 /* DataStore.swift in Sources */,
				0BB92B582B9B72C2007D0CB9 /* Hike.swift in Sources */,
				0BB92B5A2B9B72C2007D0CB9 /* CircleImageView.swift in Sources */,
				0BB92B672B9B7BB7007D0CB9 /* NotificationController.swift in Sources */,
				0BB92B5B2B9B72C2007D0CB9 /* LandmarkRowView.swift in Sources */,
				0BB92B2A2B9B70E8007D0CB9 /* ContentView.swift in Sources */,
				0B731AE92BA0DEBF00DFECCD /* LandmarkListView.swift in Sources */,
				0BB92B632B9B7AB9007D0CB9 /* NotificationView.swift in Sources */,
			);
			runOnlyForDeploymentPostprocessing = 0;
		};
		0BB92B302B9B70ED007D0CB9 /* Sources */ = {
			isa = PBXSourcesBuildPhase;
			buildActionMask = 2147483647;
			files = (
				0BB92B392B9B70ED007D0CB9 /* WatchLandmarks_Watch_AppTests.swift in Sources */,
			);
			runOnlyForDeploymentPostprocessing = 0;
		};
		0BB92B3A2B9B70ED007D0CB9 /* Sources */ = {
			isa = PBXSourcesBuildPhase;
			buildActionMask = 2147483647;
			files = (
				0BB92B452B9B70ED007D0CB9 /* WatchLandmarks_Watch_AppUITestsLaunchTests.swift in Sources */,
				0BB92B432B9B70ED007D0CB9 /* WatchLandmarks_Watch_AppUITests.swift in Sources */,
			);
			runOnlyForDeploymentPostprocessing = 0;
		};
		0BBB802D2B7D2A4900E71E21 /* Sources */ = {
			isa = PBXSourcesBuildPhase;
			buildActionMask = 2147483647;
			files = (
				0BBB80372B7D2A4900E71E21 /* ContentView.swift in Sources */,
				0BBB80AA2B96380B00E71E21 /* PageView.swift in Sources */,
				0BBB80972B8CF84900E71E21 /* Profile.swift in Sources */,
				0BBB809E2B8D31D800E71E21 /* HikeBadgeView.swift in Sources */,
				0BBB808C2B854D7300E71E21 /* HikeGraph.swift in Sources */,
				0BBB80AC2B9644E900E71E21 /* PageControlView.swift in Sources */,
				0BBB80612B7D762700E71E21 /* MapView.swift in Sources */,
				0BBB80932B86AF6900E71E21 /* CategoryRowView.swift in Sources */,
				0BBB809C2B8CF99700E71E21 /* ProfileSummaryView.swift in Sources */,
				0BBB80702B7DA44200E71E21 /* LandmarkDetailView.swift in Sources */,
				0BBB80A82B96376600E71E21 /* TextOverlayView.swift in Sources */,
				0BBB808B2B854D7300E71E21 /* GraphCapsule.swift in Sources */,
				0BBB805F2B7D750100E71E21 /* CircleImageView.swift in Sources */,
				0BBB80762B851E4A00E71E21 /* HexagonParameters.swift in Sources */,
				0BBB808D2B854D7300E71E21 /* HikeDetail.swift in Sources */,
				0BBB807C2B8534E300E71E21 /* RotatedBadgeSymbol.swift in Sources */,
				0BBB80832B85490600E71E21 /* Hike.swift in Sources */,
				0BBB807E2B8535B900E71E21 /* BadgeView.swift in Sources */,
				0BBB807A2B85242F00E71E21 /* BadgeSymbol.swift in Sources */,
				0BBB80352B7D2A4900E71E21 /* LandmarksApp.swift in Sources */,
				0BBB80A02B8D3CF800E71E21 /* ProfileEditorView.swift in Sources */,
				0BBB808E2B854D7300E71E21 /* HikeView.swift in Sources */,
				0BBB806C2B7D9FC400E71E21 /* LandmarkRowView.swift in Sources */,
				0BBB80782B851FE900E71E21 /* BadgeBackground.swift in Sources */,
				0BBB80652B7D911800E71E21 /* Landmark.swift in Sources */,
				0BBB80A42B9633D000E71E21 /* PageViewController.swift in Sources */,
				0BBB809A2B8CF8D300E71E21 /* ProfileHostView.swift in Sources */,
				0BBB80912B86AB9800E71E21 /* CategoryHomeView.swift in Sources */,
				0BBB80952B86B21200E71E21 /* CategoryItemView.swift in Sources */,
				0BBB806E2B7DA2AE00E71E21 /* LandmarkListView.swift in Sources */,
				0BBB80A62B96362D00E71E21 /* FeatureCardView.swift in Sources */,
				0BBB80722B7EBAB800E71E21 /* FavoriteButtonView.swift in Sources */,
				0BBB80672B7D93A900E71E21 /* DataStore.swift in Sources */,
			);
			runOnlyForDeploymentPostprocessing = 0;
		};
		0BBB803D2B7D2A5100E71E21 /* Sources */ = {
			isa = PBXSourcesBuildPhase;
			buildActionMask = 2147483647;
			files = (
				0BBB80462B7D2A5100E71E21 /* LandmarksTests.swift in Sources */,
			);
			runOnlyForDeploymentPostprocessing = 0;
		};
		0BBB80472B7D2A5100E71E21 /* Sources */ = {
			isa = PBXSourcesBuildPhase;
			buildActionMask = 2147483647;
			files = (
				0BBB80522B7D2A5100E71E21 /* LandmarksUITestsLaunchTests.swift in Sources */,
				0BBB80502B7D2A5100E71E21 /* LandmarksUITests.swift in Sources */,
			);
			runOnlyForDeploymentPostprocessing = 0;
		};
/* End PBXSourcesBuildPhase section */

/* Begin PBXTargetDependency section */
		0B731AC02BA0B71700DFECCD /* PBXTargetDependency */ = {
			isa = PBXTargetDependency;
			target = 0B731AAD2BA0B71400DFECCD /* MacLandmarks */;
			targetProxy = 0B731ABF2BA0B71700DFECCD /* PBXContainerItemProxy */;
		};
		0B731ACA2BA0B71700DFECCD /* PBXTargetDependency */ = {
			isa = PBXTargetDependency;
			target = 0B731AAD2BA0B71400DFECCD /* MacLandmarks */;
			targetProxy = 0B731AC92BA0B71700DFECCD /* PBXContainerItemProxy */;
		};
		0BB92B362B9B70ED007D0CB9 /* PBXTargetDependency */ = {
			isa = PBXTargetDependency;
			target = 0BB92B242B9B70E8007D0CB9 /* WatchLandmarks Watch App */;
			targetProxy = 0BB92B352B9B70ED007D0CB9 /* PBXContainerItemProxy */;
		};
		0BB92B402B9B70ED007D0CB9 /* PBXTargetDependency */ = {
			isa = PBXTargetDependency;
			target = 0BB92B242B9B70E8007D0CB9 /* WatchLandmarks Watch App */;
			targetProxy = 0BB92B3F2B9B70ED007D0CB9 /* PBXContainerItemProxy */;
		};
		0BB92B472B9B70ED007D0CB9 /* PBXTargetDependency */ = {
			isa = PBXTargetDependency;
			target = 0BB92B242B9B70E8007D0CB9 /* WatchLandmarks Watch App */;
			targetProxy = 0BB92B462B9B70ED007D0CB9 /* PBXContainerItemProxy */;
		};
		0BBB80432B7D2A5100E71E21 /* PBXTargetDependency */ = {
			isa = PBXTargetDependency;
			target = 0BBB80302B7D2A4900E71E21 /* Landmarks */;
			targetProxy = 0BBB80422B7D2A5100E71E21 /* PBXContainerItemProxy */;
		};
		0BBB804D2B7D2A5100E71E21 /* PBXTargetDependency */ = {
			isa = PBXTargetDependency;
			target = 0BBB80302B7D2A4900E71E21 /* Landmarks */;
			targetProxy = 0BBB804C2B7D2A5100E71E21 /* PBXContainerItemProxy */;
		};
/* End PBXTargetDependency section */

/* Begin XCBuildConfiguration section */
		0B731AD02BA0B71800DFECCD /* Debug */ = {
			isa = XCBuildConfiguration;
			buildSettings = {
				ASSETCATALOG_COMPILER_APPICON_NAME = AppIcon;
				ASSETCATALOG_COMPILER_GLOBAL_ACCENT_COLOR_NAME = AccentColor;
				CODE_SIGN_ENTITLEMENTS = MacLandmarks/MacLandmarks.entitlements;
				CODE_SIGN_STYLE = Automatic;
				COMBINE_HIDPI_IMAGES = YES;
				CURRENT_PROJECT_VERSION = 1;
				DEVELOPMENT_ASSET_PATHS = "\"MacLandmarks/Preview Content\"";
				DEVELOPMENT_TEAM = E3ZSDPCDKZ;
				ENABLE_HARDENED_RUNTIME = YES;
				ENABLE_PREVIEWS = YES;
				GENERATE_INFOPLIST_FILE = YES;
				INFOPLIST_KEY_NSHumanReadableCopyright = "";
				LD_RUNPATH_SEARCH_PATHS = (
					"$(inherited)",
					"@executable_path/../Frameworks",
				);
				MACOSX_DEPLOYMENT_TARGET = 14.4;
				MARKETING_VERSION = 1.0;
				PRODUCT_BUNDLE_IDENTIFIER = com.wolesolana.MacLandmarks;
				PRODUCT_NAME = "$(TARGET_NAME)";
				SDKROOT = macosx;
				SWIFT_EMIT_LOC_STRINGS = YES;
				SWIFT_VERSION = 5.0;
			};
			name = Debug;
		};
		0B731AD12BA0B71800DFECCD /* Release */ = {
			isa = XCBuildConfiguration;
			buildSettings = {
				ASSETCATALOG_COMPILER_APPICON_NAME = AppIcon;
				ASSETCATALOG_COMPILER_GLOBAL_ACCENT_COLOR_NAME = AccentColor;
				CODE_SIGN_ENTITLEMENTS = MacLandmarks/MacLandmarks.entitlements;
				CODE_SIGN_STYLE = Automatic;
				COMBINE_HIDPI_IMAGES = YES;
				CURRENT_PROJECT_VERSION = 1;
				DEVELOPMENT_ASSET_PATHS = "\"MacLandmarks/Preview Content\"";
				DEVELOPMENT_TEAM = E3ZSDPCDKZ;
				ENABLE_HARDENED_RUNTIME = YES;
				ENABLE_PREVIEWS = YES;
				GENERATE_INFOPLIST_FILE = YES;
				INFOPLIST_KEY_NSHumanReadableCopyright = "";
				LD_RUNPATH_SEARCH_PATHS = (
					"$(inherited)",
					"@executable_path/../Frameworks",
				);
				MACOSX_DEPLOYMENT_TARGET = 14.4;
				MARKETING_VERSION = 1.0;
				PRODUCT_BUNDLE_IDENTIFIER = com.wolesolana.MacLandmarks;
				PRODUCT_NAME = "$(TARGET_NAME)";
				SDKROOT = macosx;
				SWIFT_EMIT_LOC_STRINGS = YES;
				SWIFT_VERSION = 5.0;
			};
			name = Release;
		};
		0B731AD22BA0B71800DFECCD /* Debug */ = {
			isa = XCBuildConfiguration;
			buildSettings = {
				ALWAYS_EMBED_SWIFT_STANDARD_LIBRARIES = YES;
				BUNDLE_LOADER = "$(TEST_HOST)";
				CODE_SIGN_STYLE = Automatic;
				CURRENT_PROJECT_VERSION = 1;
				DEVELOPMENT_TEAM = E3ZSDPCDKZ;
				GENERATE_INFOPLIST_FILE = YES;
				MACOSX_DEPLOYMENT_TARGET = 14.4;
				MARKETING_VERSION = 1.0;
				PRODUCT_BUNDLE_IDENTIFIER = com.wolesolana.MacLandmarksTests;
				PRODUCT_NAME = "$(TARGET_NAME)";
				SDKROOT = macosx;
				SWIFT_EMIT_LOC_STRINGS = NO;
				SWIFT_VERSION = 5.0;
				TEST_HOST = "$(BUILT_PRODUCTS_DIR)/MacLandmarks.app/$(BUNDLE_EXECUTABLE_FOLDER_PATH)/MacLandmarks";
			};
			name = Debug;
		};
		0B731AD32BA0B71800DFECCD /* Release */ = {
			isa = XCBuildConfiguration;
			buildSettings = {
				ALWAYS_EMBED_SWIFT_STANDARD_LIBRARIES = YES;
				BUNDLE_LOADER = "$(TEST_HOST)";
				CODE_SIGN_STYLE = Automatic;
				CURRENT_PROJECT_VERSION = 1;
				DEVELOPMENT_TEAM = E3ZSDPCDKZ;
				GENERATE_INFOPLIST_FILE = YES;
				MACOSX_DEPLOYMENT_TARGET = 14.4;
				MARKETING_VERSION = 1.0;
				PRODUCT_BUNDLE_IDENTIFIER = com.wolesolana.MacLandmarksTests;
				PRODUCT_NAME = "$(TARGET_NAME)";
				SDKROOT = macosx;
				SWIFT_EMIT_LOC_STRINGS = NO;
				SWIFT_VERSION = 5.0;
				TEST_HOST = "$(BUILT_PRODUCTS_DIR)/MacLandmarks.app/$(BUNDLE_EXECUTABLE_FOLDER_PATH)/MacLandmarks";
			};
			name = Release;
		};
		0B731AD42BA0B71800DFECCD /* Debug */ = {
			isa = XCBuildConfiguration;
			buildSettings = {
				ALWAYS_EMBED_SWIFT_STANDARD_LIBRARIES = YES;
				CODE_SIGN_STYLE = Automatic;
				CURRENT_PROJECT_VERSION = 1;
				DEVELOPMENT_TEAM = E3ZSDPCDKZ;
				GENERATE_INFOPLIST_FILE = YES;
				MACOSX_DEPLOYMENT_TARGET = 14.4;
				MARKETING_VERSION = 1.0;
				PRODUCT_BUNDLE_IDENTIFIER = com.wolesolana.MacLandmarksUITests;
				PRODUCT_NAME = "$(TARGET_NAME)";
				SDKROOT = macosx;
				SWIFT_EMIT_LOC_STRINGS = NO;
				SWIFT_VERSION = 5.0;
				TEST_TARGET_NAME = MacLandmarks;
			};
			name = Debug;
		};
		0B731AD52BA0B71800DFECCD /* Release */ = {
			isa = XCBuildConfiguration;
			buildSettings = {
				ALWAYS_EMBED_SWIFT_STANDARD_LIBRARIES = YES;
				CODE_SIGN_STYLE = Automatic;
				CURRENT_PROJECT_VERSION = 1;
				DEVELOPMENT_TEAM = E3ZSDPCDKZ;
				GENERATE_INFOPLIST_FILE = YES;
				MACOSX_DEPLOYMENT_TARGET = 14.4;
				MARKETING_VERSION = 1.0;
				PRODUCT_BUNDLE_IDENTIFIER = com.wolesolana.MacLandmarksUITests;
				PRODUCT_NAME = "$(TARGET_NAME)";
				SDKROOT = macosx;
				SWIFT_EMIT_LOC_STRINGS = NO;
				SWIFT_VERSION = 5.0;
				TEST_TARGET_NAME = MacLandmarks;
			};
			name = Release;
		};
		0BB92B4A2B9B70ED007D0CB9 /* Debug */ = {
			isa = XCBuildConfiguration;
			buildSettings = {
				ASSETCATALOG_COMPILER_APPICON_NAME = AppIcon;
				ASSETCATALOG_COMPILER_GLOBAL_ACCENT_COLOR_NAME = AccentColor;
				CODE_SIGN_STYLE = Automatic;
				CURRENT_PROJECT_VERSION = 1;
				DEVELOPMENT_ASSET_PATHS = "\"WatchLandmarks Watch App/Preview Content\"";
				DEVELOPMENT_TEAM = E3ZSDPCDKZ;
				ENABLE_PREVIEWS = YES;
				GENERATE_INFOPLIST_FILE = YES;
				INFOPLIST_KEY_CFBundleDisplayName = WatchLandmarks;
				INFOPLIST_KEY_UISupportedInterfaceOrientations = "UIInterfaceOrientationPortrait UIInterfaceOrientationPortraitUpsideDown";
				INFOPLIST_KEY_WKCompanionAppBundleIdentifier = com.wolesolana.Landmarks;
				INFOPLIST_KEY_WKRunsIndependentlyOfCompanionApp = YES;
				LD_RUNPATH_SEARCH_PATHS = (
					"$(inherited)",
					"@executable_path/Frameworks",
				);
				MARKETING_VERSION = 1.0;
				PRODUCT_BUNDLE_IDENTIFIER = com.wolesolana.Landmarks.watchkitapp;
				PRODUCT_NAME = "$(TARGET_NAME)";
				SDKROOT = watchos;
				SKIP_INSTALL = YES;
				SWIFT_EMIT_LOC_STRINGS = YES;
				SWIFT_VERSION = 5.0;
				TARGETED_DEVICE_FAMILY = 4;
				WATCHOS_DEPLOYMENT_TARGET = 10.4;
			};
			name = Debug;
		};
		0BB92B4B2B9B70ED007D0CB9 /* Release */ = {
			isa = XCBuildConfiguration;
			buildSettings = {
				ASSETCATALOG_COMPILER_APPICON_NAME = AppIcon;
				ASSETCATALOG_COMPILER_GLOBAL_ACCENT_COLOR_NAME = AccentColor;
				CODE_SIGN_STYLE = Automatic;
				CURRENT_PROJECT_VERSION = 1;
				DEVELOPMENT_ASSET_PATHS = "\"WatchLandmarks Watch App/Preview Content\"";
				DEVELOPMENT_TEAM = E3ZSDPCDKZ;
				ENABLE_PREVIEWS = YES;
				GENERATE_INFOPLIST_FILE = YES;
				INFOPLIST_KEY_CFBundleDisplayName = WatchLandmarks;
				INFOPLIST_KEY_UISupportedInterfaceOrientations = "UIInterfaceOrientationPortrait UIInterfaceOrientationPortraitUpsideDown";
				INFOPLIST_KEY_WKCompanionAppBundleIdentifier = com.wolesolana.Landmarks;
				INFOPLIST_KEY_WKRunsIndependentlyOfCompanionApp = YES;
				LD_RUNPATH_SEARCH_PATHS = (
					"$(inherited)",
					"@executable_path/Frameworks",
				);
				MARKETING_VERSION = 1.0;
				PRODUCT_BUNDLE_IDENTIFIER = com.wolesolana.Landmarks.watchkitapp;
				PRODUCT_NAME = "$(TARGET_NAME)";
				SDKROOT = watchos;
				SKIP_INSTALL = YES;
				SWIFT_EMIT_LOC_STRINGS = YES;
				SWIFT_VERSION = 5.0;
				TARGETED_DEVICE_FAMILY = 4;
				WATCHOS_DEPLOYMENT_TARGET = 10.4;
			};
			name = Release;
		};
		0BB92B4C2B9B70ED007D0CB9 /* Debug */ = {
			isa = XCBuildConfiguration;
			buildSettings = {
				ALWAYS_EMBED_SWIFT_STANDARD_LIBRARIES = YES;
				BUNDLE_LOADER = "$(TEST_HOST)";
				CODE_SIGN_STYLE = Automatic;
				CURRENT_PROJECT_VERSION = 1;
				DEVELOPMENT_TEAM = E3ZSDPCDKZ;
				GENERATE_INFOPLIST_FILE = YES;
				MARKETING_VERSION = 1.0;
				PRODUCT_BUNDLE_IDENTIFIER = "com.wolesolana.WatchLandmarks-Watch-AppTests";
				PRODUCT_NAME = "$(TARGET_NAME)";
				SDKROOT = watchos;
				SWIFT_EMIT_LOC_STRINGS = NO;
				SWIFT_VERSION = 5.0;
				TARGETED_DEVICE_FAMILY = 4;
				TEST_HOST = "$(BUILT_PRODUCTS_DIR)/WatchLandmarks Watch App.app/$(BUNDLE_EXECUTABLE_FOLDER_PATH)/WatchLandmarks Watch App";
				WATCHOS_DEPLOYMENT_TARGET = 10.4;
			};
			name = Debug;
		};
		0BB92B4D2B9B70ED007D0CB9 /* Release */ = {
			isa = XCBuildConfiguration;
			buildSettings = {
				ALWAYS_EMBED_SWIFT_STANDARD_LIBRARIES = YES;
				BUNDLE_LOADER = "$(TEST_HOST)";
				CODE_SIGN_STYLE = Automatic;
				CURRENT_PROJECT_VERSION = 1;
				DEVELOPMENT_TEAM = E3ZSDPCDKZ;
				GENERATE_INFOPLIST_FILE = YES;
				MARKETING_VERSION = 1.0;
				PRODUCT_BUNDLE_IDENTIFIER = "com.wolesolana.WatchLandmarks-Watch-AppTests";
				PRODUCT_NAME = "$(TARGET_NAME)";
				SDKROOT = watchos;
				SWIFT_EMIT_LOC_STRINGS = NO;
				SWIFT_VERSION = 5.0;
				TARGETED_DEVICE_FAMILY = 4;
				TEST_HOST = "$(BUILT_PRODUCTS_DIR)/WatchLandmarks Watch App.app/$(BUNDLE_EXECUTABLE_FOLDER_PATH)/WatchLandmarks Watch App";
				WATCHOS_DEPLOYMENT_TARGET = 10.4;
			};
			name = Release;
		};
		0BB92B4E2B9B70ED007D0CB9 /* Debug */ = {
			isa = XCBuildConfiguration;
			buildSettings = {
				ALWAYS_EMBED_SWIFT_STANDARD_LIBRARIES = YES;
				CODE_SIGN_STYLE = Automatic;
				CURRENT_PROJECT_VERSION = 1;
				DEVELOPMENT_TEAM = E3ZSDPCDKZ;
				GENERATE_INFOPLIST_FILE = YES;
				MARKETING_VERSION = 1.0;
				PRODUCT_BUNDLE_IDENTIFIER = "com.wolesolana.WatchLandmarks-Watch-AppUITests";
				PRODUCT_NAME = "$(TARGET_NAME)";
				SDKROOT = watchos;
				SWIFT_EMIT_LOC_STRINGS = NO;
				SWIFT_VERSION = 5.0;
				TARGETED_DEVICE_FAMILY = 4;
				TEST_TARGET_NAME = "WatchLandmarks Watch App";
				WATCHOS_DEPLOYMENT_TARGET = 10.4;
			};
			name = Debug;
		};
		0BB92B4F2B9B70ED007D0CB9 /* Release */ = {
			isa = XCBuildConfiguration;
			buildSettings = {
				ALWAYS_EMBED_SWIFT_STANDARD_LIBRARIES = YES;
				CODE_SIGN_STYLE = Automatic;
				CURRENT_PROJECT_VERSION = 1;
				DEVELOPMENT_TEAM = E3ZSDPCDKZ;
				GENERATE_INFOPLIST_FILE = YES;
				MARKETING_VERSION = 1.0;
				PRODUCT_BUNDLE_IDENTIFIER = "com.wolesolana.WatchLandmarks-Watch-AppUITests";
				PRODUCT_NAME = "$(TARGET_NAME)";
				SDKROOT = watchos;
				SWIFT_EMIT_LOC_STRINGS = NO;
				SWIFT_VERSION = 5.0;
				TARGETED_DEVICE_FAMILY = 4;
				TEST_TARGET_NAME = "WatchLandmarks Watch App";
				WATCHOS_DEPLOYMENT_TARGET = 10.4;
			};
			name = Release;
		};
		0BBB80532B7D2A5100E71E21 /* Debug */ = {
			isa = XCBuildConfiguration;
			buildSettings = {
				ALWAYS_SEARCH_USER_PATHS = NO;
				ASSETCATALOG_COMPILER_GENERATE_SWIFT_ASSET_SYMBOL_EXTENSIONS = YES;
				CLANG_ANALYZER_NONNULL = YES;
				CLANG_ANALYZER_NUMBER_OBJECT_CONVERSION = YES_AGGRESSIVE;
				CLANG_CXX_LANGUAGE_STANDARD = "gnu++20";
				CLANG_ENABLE_MODULES = YES;
				CLANG_ENABLE_OBJC_ARC = YES;
				CLANG_ENABLE_OBJC_WEAK = YES;
				CLANG_WARN_BLOCK_CAPTURE_AUTORELEASING = YES;
				CLANG_WARN_BOOL_CONVERSION = YES;
				CLANG_WARN_COMMA = YES;
				CLANG_WARN_CONSTANT_CONVERSION = YES;
				CLANG_WARN_DEPRECATED_OBJC_IMPLEMENTATIONS = YES;
				CLANG_WARN_DIRECT_OBJC_ISA_USAGE = YES_ERROR;
				CLANG_WARN_DOCUMENTATION_COMMENTS = YES;
				CLANG_WARN_EMPTY_BODY = YES;
				CLANG_WARN_ENUM_CONVERSION = YES;
				CLANG_WARN_INFINITE_RECURSION = YES;
				CLANG_WARN_INT_CONVERSION = YES;
				CLANG_WARN_NON_LITERAL_NULL_CONVERSION = YES;
				CLANG_WARN_OBJC_IMPLICIT_RETAIN_SELF = YES;
				CLANG_WARN_OBJC_LITERAL_CONVERSION = YES;
				CLANG_WARN_OBJC_ROOT_CLASS = YES_ERROR;
				CLANG_WARN_QUOTED_INCLUDE_IN_FRAMEWORK_HEADER = YES;
				CLANG_WARN_RANGE_LOOP_ANALYSIS = YES;
				CLANG_WARN_STRICT_PROTOTYPES = YES;
				CLANG_WARN_SUSPICIOUS_MOVE = YES;
				CLANG_WARN_UNGUARDED_AVAILABILITY = YES_AGGRESSIVE;
				CLANG_WARN_UNREACHABLE_CODE = YES;
				CLANG_WARN__DUPLICATE_METHOD_MATCH = YES;
				COPY_PHASE_STRIP = NO;
				DEBUG_INFORMATION_FORMAT = dwarf;
				ENABLE_STRICT_OBJC_MSGSEND = YES;
				ENABLE_TESTABILITY = YES;
				ENABLE_USER_SCRIPT_SANDBOXING = YES;
				GCC_C_LANGUAGE_STANDARD = gnu17;
				GCC_DYNAMIC_NO_PIC = NO;
				GCC_NO_COMMON_BLOCKS = YES;
				GCC_OPTIMIZATION_LEVEL = 0;
				GCC_PREPROCESSOR_DEFINITIONS = (
					"DEBUG=1",
					"$(inherited)",
				);
				GCC_WARN_64_TO_32_BIT_CONVERSION = YES;
				GCC_WARN_ABOUT_RETURN_TYPE = YES_ERROR;
				GCC_WARN_UNDECLARED_SELECTOR = YES;
				GCC_WARN_UNINITIALIZED_AUTOS = YES_AGGRESSIVE;
				GCC_WARN_UNUSED_FUNCTION = YES;
				GCC_WARN_UNUSED_VARIABLE = YES;
				IPHONEOS_DEPLOYMENT_TARGET = 17.2;
				LOCALIZATION_PREFERS_STRING_CATALOGS = YES;
				MTL_ENABLE_DEBUG_INFO = INCLUDE_SOURCE;
				MTL_FAST_MATH = YES;
				ONLY_ACTIVE_ARCH = YES;
				SDKROOT = iphoneos;
				SWIFT_ACTIVE_COMPILATION_CONDITIONS = "DEBUG $(inherited)";
				SWIFT_OPTIMIZATION_LEVEL = "-Onone";
			};
			name = Debug;
		};
		0BBB80542B7D2A5100E71E21 /* Release */ = {
			isa = XCBuildConfiguration;
			buildSettings = {
				ALWAYS_SEARCH_USER_PATHS = NO;
				ASSETCATALOG_COMPILER_GENERATE_SWIFT_ASSET_SYMBOL_EXTENSIONS = YES;
				CLANG_ANALYZER_NONNULL = YES;
				CLANG_ANALYZER_NUMBER_OBJECT_CONVERSION = YES_AGGRESSIVE;
				CLANG_CXX_LANGUAGE_STANDARD = "gnu++20";
				CLANG_ENABLE_MODULES = YES;
				CLANG_ENABLE_OBJC_ARC = YES;
				CLANG_ENABLE_OBJC_WEAK = YES;
				CLANG_WARN_BLOCK_CAPTURE_AUTORELEASING = YES;
				CLANG_WARN_BOOL_CONVERSION = YES;
				CLANG_WARN_COMMA = YES;
				CLANG_WARN_CONSTANT_CONVERSION = YES;
				CLANG_WARN_DEPRECATED_OBJC_IMPLEMENTATIONS = YES;
				CLANG_WARN_DIRECT_OBJC_ISA_USAGE = YES_ERROR;
				CLANG_WARN_DOCUMENTATION_COMMENTS = YES;
				CLANG_WARN_EMPTY_BODY = YES;
				CLANG_WARN_ENUM_CONVERSION = YES;
				CLANG_WARN_INFINITE_RECURSION = YES;
				CLANG_WARN_INT_CONVERSION = YES;
				CLANG_WARN_NON_LITERAL_NULL_CONVERSION = YES;
				CLANG_WARN_OBJC_IMPLICIT_RETAIN_SELF = YES;
				CLANG_WARN_OBJC_LITERAL_CONVERSION = YES;
				CLANG_WARN_OBJC_ROOT_CLASS = YES_ERROR;
				CLANG_WARN_QUOTED_INCLUDE_IN_FRAMEWORK_HEADER = YES;
				CLANG_WARN_RANGE_LOOP_ANALYSIS = YES;
				CLANG_WARN_STRICT_PROTOTYPES = YES;
				CLANG_WARN_SUSPICIOUS_MOVE = YES;
				CLANG_WARN_UNGUARDED_AVAILABILITY = YES_AGGRESSIVE;
				CLANG_WARN_UNREACHABLE_CODE = YES;
				CLANG_WARN__DUPLICATE_METHOD_MATCH = YES;
				COPY_PHASE_STRIP = NO;
				DEBUG_INFORMATION_FORMAT = "dwarf-with-dsym";
				ENABLE_NS_ASSERTIONS = NO;
				ENABLE_STRICT_OBJC_MSGSEND = YES;
				ENABLE_USER_SCRIPT_SANDBOXING = YES;
				GCC_C_LANGUAGE_STANDARD = gnu17;
				GCC_NO_COMMON_BLOCKS = YES;
				GCC_WARN_64_TO_32_BIT_CONVERSION = YES;
				GCC_WARN_ABOUT_RETURN_TYPE = YES_ERROR;
				GCC_WARN_UNDECLARED_SELECTOR = YES;
				GCC_WARN_UNINITIALIZED_AUTOS = YES_AGGRESSIVE;
				GCC_WARN_UNUSED_FUNCTION = YES;
				GCC_WARN_UNUSED_VARIABLE = YES;
				IPHONEOS_DEPLOYMENT_TARGET = 17.2;
				LOCALIZATION_PREFERS_STRING_CATALOGS = YES;
				MTL_ENABLE_DEBUG_INFO = NO;
				MTL_FAST_MATH = YES;
				SDKROOT = iphoneos;
				SWIFT_COMPILATION_MODE = wholemodule;
				VALIDATE_PRODUCT = YES;
			};
			name = Release;
		};
		0BBB80562B7D2A5100E71E21 /* Debug */ = {
			isa = XCBuildConfiguration;
			buildSettings = {
				ALWAYS_EMBED_SWIFT_STANDARD_LIBRARIES = YES;
				ASSETCATALOG_COMPILER_APPICON_NAME = AppIcon;
				ASSETCATALOG_COMPILER_GLOBAL_ACCENT_COLOR_NAME = AccentColor;
				CODE_SIGN_STYLE = Automatic;
				CURRENT_PROJECT_VERSION = 1;
				DEVELOPMENT_ASSET_PATHS = "\"Landmarks/Preview Content\"";
				DEVELOPMENT_TEAM = E3ZSDPCDKZ;
				ENABLE_PREVIEWS = YES;
				GENERATE_INFOPLIST_FILE = YES;
				INFOPLIST_KEY_UIApplicationSceneManifest_Generation = YES;
				INFOPLIST_KEY_UIApplicationSupportsIndirectInputEvents = YES;
				INFOPLIST_KEY_UILaunchScreen_Generation = YES;
				INFOPLIST_KEY_UISupportedInterfaceOrientations_iPad = "UIInterfaceOrientationPortrait UIInterfaceOrientationPortraitUpsideDown UIInterfaceOrientationLandscapeLeft UIInterfaceOrientationLandscapeRight";
				INFOPLIST_KEY_UISupportedInterfaceOrientations_iPhone = "UIInterfaceOrientationPortrait UIInterfaceOrientationLandscapeLeft UIInterfaceOrientationLandscapeRight";
				LD_RUNPATH_SEARCH_PATHS = (
					"$(inherited)",
					"@executable_path/Frameworks",
				);
				MARKETING_VERSION = 1.0;
				PRODUCT_BUNDLE_IDENTIFIER = com.wolesolana.Landmarks;
				PRODUCT_NAME = "$(TARGET_NAME)";
				SWIFT_EMIT_LOC_STRINGS = YES;
				SWIFT_VERSION = 5.0;
				TARGETED_DEVICE_FAMILY = "1,2";
			};
			name = Debug;
		};
		0BBB80572B7D2A5100E71E21 /* Release */ = {
			isa = XCBuildConfiguration;
			buildSettings = {
				ALWAYS_EMBED_SWIFT_STANDARD_LIBRARIES = YES;
				ASSETCATALOG_COMPILER_APPICON_NAME = AppIcon;
				ASSETCATALOG_COMPILER_GLOBAL_ACCENT_COLOR_NAME = AccentColor;
				CODE_SIGN_STYLE = Automatic;
				CURRENT_PROJECT_VERSION = 1;
				DEVELOPMENT_ASSET_PATHS = "\"Landmarks/Preview Content\"";
				DEVELOPMENT_TEAM = E3ZSDPCDKZ;
				ENABLE_PREVIEWS = YES;
				GENERATE_INFOPLIST_FILE = YES;
				INFOPLIST_KEY_UIApplicationSceneManifest_Generation = YES;
				INFOPLIST_KEY_UIApplicationSupportsIndirectInputEvents = YES;
				INFOPLIST_KEY_UILaunchScreen_Generation = YES;
				INFOPLIST_KEY_UISupportedInterfaceOrientations_iPad = "UIInterfaceOrientationPortrait UIInterfaceOrientationPortraitUpsideDown UIInterfaceOrientationLandscapeLeft UIInterfaceOrientationLandscapeRight";
				INFOPLIST_KEY_UISupportedInterfaceOrientations_iPhone = "UIInterfaceOrientationPortrait UIInterfaceOrientationLandscapeLeft UIInterfaceOrientationLandscapeRight";
				LD_RUNPATH_SEARCH_PATHS = (
					"$(inherited)",
					"@executable_path/Frameworks",
				);
				MARKETING_VERSION = 1.0;
				PRODUCT_BUNDLE_IDENTIFIER = com.wolesolana.Landmarks;
				PRODUCT_NAME = "$(TARGET_NAME)";
				SWIFT_EMIT_LOC_STRINGS = YES;
				SWIFT_VERSION = 5.0;
				TARGETED_DEVICE_FAMILY = "1,2";
			};
			name = Release;
		};
		0BBB80592B7D2A5100E71E21 /* Debug */ = {
			isa = XCBuildConfiguration;
			buildSettings = {
				ALWAYS_EMBED_SWIFT_STANDARD_LIBRARIES = YES;
				BUNDLE_LOADER = "$(TEST_HOST)";
				CODE_SIGN_STYLE = Automatic;
				CURRENT_PROJECT_VERSION = 1;
				DEVELOPMENT_TEAM = E3ZSDPCDKZ;
				GENERATE_INFOPLIST_FILE = YES;
				IPHONEOS_DEPLOYMENT_TARGET = 17.2;
				MARKETING_VERSION = 1.0;
				PRODUCT_BUNDLE_IDENTIFIER = com.wolesolana.LandmarksTests;
				PRODUCT_NAME = "$(TARGET_NAME)";
				SWIFT_EMIT_LOC_STRINGS = NO;
				SWIFT_VERSION = 5.0;
				TARGETED_DEVICE_FAMILY = "1,2";
				TEST_HOST = "$(BUILT_PRODUCTS_DIR)/Landmarks.app/$(BUNDLE_EXECUTABLE_FOLDER_PATH)/Landmarks";
			};
			name = Debug;
		};
		0BBB805A2B7D2A5100E71E21 /* Release */ = {
			isa = XCBuildConfiguration;
			buildSettings = {
				ALWAYS_EMBED_SWIFT_STANDARD_LIBRARIES = YES;
				BUNDLE_LOADER = "$(TEST_HOST)";
				CODE_SIGN_STYLE = Automatic;
				CURRENT_PROJECT_VERSION = 1;
				DEVELOPMENT_TEAM = E3ZSDPCDKZ;
				GENERATE_INFOPLIST_FILE = YES;
				IPHONEOS_DEPLOYMENT_TARGET = 17.2;
				MARKETING_VERSION = 1.0;
				PRODUCT_BUNDLE_IDENTIFIER = com.wolesolana.LandmarksTests;
				PRODUCT_NAME = "$(TARGET_NAME)";
				SWIFT_EMIT_LOC_STRINGS = NO;
				SWIFT_VERSION = 5.0;
				TARGETED_DEVICE_FAMILY = "1,2";
				TEST_HOST = "$(BUILT_PRODUCTS_DIR)/Landmarks.app/$(BUNDLE_EXECUTABLE_FOLDER_PATH)/Landmarks";
			};
			name = Release;
		};
		0BBB805C2B7D2A5100E71E21 /* Debug */ = {
			isa = XCBuildConfiguration;
			buildSettings = {
				ALWAYS_EMBED_SWIFT_STANDARD_LIBRARIES = YES;
				CODE_SIGN_STYLE = Automatic;
				CURRENT_PROJECT_VERSION = 1;
				DEVELOPMENT_TEAM = E3ZSDPCDKZ;
				GENERATE_INFOPLIST_FILE = YES;
				MARKETING_VERSION = 1.0;
				PRODUCT_BUNDLE_IDENTIFIER = com.wolesolana.LandmarksUITests;
				PRODUCT_NAME = "$(TARGET_NAME)";
				SWIFT_EMIT_LOC_STRINGS = NO;
				SWIFT_VERSION = 5.0;
				TARGETED_DEVICE_FAMILY = "1,2";
				TEST_TARGET_NAME = Landmarks;
			};
			name = Debug;
		};
		0BBB805D2B7D2A5100E71E21 /* Release */ = {
			isa = XCBuildConfiguration;
			buildSettings = {
				ALWAYS_EMBED_SWIFT_STANDARD_LIBRARIES = YES;
				CODE_SIGN_STYLE = Automatic;
				CURRENT_PROJECT_VERSION = 1;
				DEVELOPMENT_TEAM = E3ZSDPCDKZ;
				GENERATE_INFOPLIST_FILE = YES;
				MARKETING_VERSION = 1.0;
				PRODUCT_BUNDLE_IDENTIFIER = com.wolesolana.LandmarksUITests;
				PRODUCT_NAME = "$(TARGET_NAME)";
				SWIFT_EMIT_LOC_STRINGS = NO;
				SWIFT_VERSION = 5.0;
				TARGETED_DEVICE_FAMILY = "1,2";
				TEST_TARGET_NAME = Landmarks;
			};
			name = Release;
		};
/* End XCBuildConfiguration section */

/* Begin XCConfigurationList section */
		0B731AD62BA0B71800DFECCD /* Build configuration list for PBXNativeTarget "MacLandmarks" */ = {
			isa = XCConfigurationList;
			buildConfigurations = (
				0B731AD02BA0B71800DFECCD /* Debug */,
				0B731AD12BA0B71800DFECCD /* Release */,
			);
			defaultConfigurationIsVisible = 0;
			defaultConfigurationName = Release;
		};
		0B731AD72BA0B71800DFECCD /* Build configuration list for PBXNativeTarget "MacLandmarksTests" */ = {
			isa = XCConfigurationList;
			buildConfigurations = (
				0B731AD22BA0B71800DFECCD /* Debug */,
				0B731AD32BA0B71800DFECCD /* Release */,
			);
			defaultConfigurationIsVisible = 0;
			defaultConfigurationName = Release;
		};
		0B731AD82BA0B71800DFECCD /* Build configuration list for PBXNativeTarget "MacLandmarksUITests" */ = {
			isa = XCConfigurationList;
			buildConfigurations = (
				0B731AD42BA0B71800DFECCD /* Debug */,
				0B731AD52BA0B71800DFECCD /* Release */,
			);
			defaultConfigurationIsVisible = 0;
			defaultConfigurationName = Release;
		};
		0BB92B502B9B70ED007D0CB9 /* Build configuration list for PBXNativeTarget "WatchLandmarks Watch App" */ = {
			isa = XCConfigurationList;
			buildConfigurations = (
				0BB92B4A2B9B70ED007D0CB9 /* Debug */,
				0BB92B4B2B9B70ED007D0CB9 /* Release */,
			);
			defaultConfigurationIsVisible = 0;
			defaultConfigurationName = Release;
		};
		0BB92B512B9B70ED007D0CB9 /* Build configuration list for PBXNativeTarget "WatchLandmarks Watch AppTests" */ = {
			isa = XCConfigurationList;
			buildConfigurations = (
				0BB92B4C2B9B70ED007D0CB9 /* Debug */,
				0BB92B4D2B9B70ED007D0CB9 /* Release */,
			);
			defaultConfigurationIsVisible = 0;
			defaultConfigurationName = Release;
		};
		0BB92B522B9B70ED007D0CB9 /* Build configuration list for PBXNativeTarget "WatchLandmarks Watch AppUITests" */ = {
			isa = XCConfigurationList;
			buildConfigurations = (
				0BB92B4E2B9B70ED007D0CB9 /* Debug */,
				0BB92B4F2B9B70ED007D0CB9 /* Release */,
			);
			defaultConfigurationIsVisible = 0;
			defaultConfigurationName = Release;
		};
		0BBB802C2B7D2A4800E71E21 /* Build configuration list for PBXProject "Landmarks" */ = {
			isa = XCConfigurationList;
			buildConfigurations = (
				0BBB80532B7D2A5100E71E21 /* Debug */,
				0BBB80542B7D2A5100E71E21 /* Release */,
			);
			defaultConfigurationIsVisible = 0;
			defaultConfigurationName = Release;
		};
		0BBB80552B7D2A5100E71E21 /* Build configuration list for PBXNativeTarget "Landmarks" */ = {
			isa = XCConfigurationList;
			buildConfigurations = (
				0BBB80562B7D2A5100E71E21 /* Debug */,
				0BBB80572B7D2A5100E71E21 /* Release */,
			);
			defaultConfigurationIsVisible = 0;
			defaultConfigurationName = Release;
		};
		0BBB80582B7D2A5100E71E21 /* Build configuration list for PBXNativeTarget "LandmarksTests" */ = {
			isa = XCConfigurationList;
			buildConfigurations = (
				0BBB80592B7D2A5100E71E21 /* Debug */,
				0BBB805A2B7D2A5100E71E21 /* Release */,
			);
			defaultConfigurationIsVisible = 0;
			defaultConfigurationName = Release;
		};
		0BBB805B2B7D2A5100E71E21 /* Build configuration list for PBXNativeTarget "LandmarksUITests" */ = {
			isa = XCConfigurationList;
			buildConfigurations = (
				0BBB805C2B7D2A5100E71E21 /* Debug */,
				0BBB805D2B7D2A5100E71E21 /* Release */,
			);
			defaultConfigurationIsVisible = 0;
			defaultConfigurationName = Release;
		};
/* End XCConfigurationList section */
	};
	rootObject = 0BBB80292B7D2A4800E71E21 /* Project object */;
}
