// !$*UTF8*$!
{
	archiveVersion = 1;
	classes = {
	};
	objectVersion = 56;
	objects = {

/* Begin PBXBuildFile section */
		0BBB80352B7D2A4900E71E21 /* LandmarksApp.swift in Sources */ = {isa = PBXBuildFile; fileRef = 0BBB80342B7D2A4900E71E21 /* LandmarksApp.swift */; };
		0BBB80372B7D2A4900E71E21 /* ContentView.swift in Sources */ = {isa = PBXBuildFile; fileRef = 0BBB80362B7D2A4900E71E21 /* ContentView.swift */; };
		0BBB80392B7D2A5000E71E21 /* Assets.xcassets in Resources */ = {isa = PBXBuildFile; fileRef = 0BBB80382B7D2A5000E71E21 /* Assets.xcassets */; };
		0BBB803C2B7D2A5000E71E21 /* Preview Assets.xcassets in Resources */ = {isa = PBXBuildFile; fileRef = 0BBB803B2B7D2A5000E71E21 /* Preview Assets.xcassets */; };
		0BBB80462B7D2A5100E71E21 /* LandmarksTests.swift in Sources */ = {isa = PBXBuildFile; fileRef = 0BBB80452B7D2A5100E71E21 /* LandmarksTests.swift */; };
		0BBB80502B7D2A5100E71E21 /* LandmarksUITests.swift in Sources */ = {isa = PBXBuildFile; fileRef = 0BBB804F2B7D2A5100E71E21 /* LandmarksUITests.swift */; };
		0BBB80522B7D2A5100E71E21 /* LandmarksUITestsLaunchTests.swift in Sources */ = {isa = PBXBuildFile; fileRef = 0BBB80512B7D2A5100E71E21 /* LandmarksUITestsLaunchTests.swift */; };
		0BBB805F2B7D750100E71E21 /* CircleImageView.swift in Sources */ = {isa = PBXBuildFile; fileRef = 0BBB805E2B7D750100E71E21 /* CircleImageView.swift */; };
		0BBB80612B7D762700E71E21 /* MapView.swift in Sources */ = {isa = PBXBuildFile; fileRef = 0BBB80602B7D762700E71E21 /* MapView.swift */; };
		0BBB80632B7D90F600E71E21 /* landmarkData.json in Resources */ = {isa = PBXBuildFile; fileRef = 0BBB80622B7D90F600E71E21 /* landmarkData.json */; };
		0BBB80652B7D911800E71E21 /* Landmark.swift in Sources */ = {isa = PBXBuildFile; fileRef = 0BBB80642B7D911800E71E21 /* Landmark.swift */; };
		0BBB80672B7D93A900E71E21 /* DataStore.swift in Sources */ = {isa = PBXBuildFile; fileRef = 0BBB80662B7D93A900E71E21 /* DataStore.swift */; };
		0BBB806C2B7D9FC400E71E21 /* LandmarkRowView.swift in Sources */ = {isa = PBXBuildFile; fileRef = 0BBB806B2B7D9FC400E71E21 /* LandmarkRowView.swift */; };
		0BBB806E2B7DA2AE00E71E21 /* LandmarksListView.swift in Sources */ = {isa = PBXBuildFile; fileRef = 0BBB806D2B7DA2AE00E71E21 /* LandmarksListView.swift */; };
		0BBB80702B7DA44200E71E21 /* LandmarkDetailView.swift in Sources */ = {isa = PBXBuildFile; fileRef = 0BBB806F2B7DA44200E71E21 /* LandmarkDetailView.swift */; };
		0BBB80722B7EBAB800E71E21 /* FavoriteButtonView.swift in Sources */ = {isa = PBXBuildFile; fileRef = 0BBB80712B7EBAB800E71E21 /* FavoriteButtonView.swift */; };
		0BBB80762B851E4A00E71E21 /* HexagonParameters.swift in Sources */ = {isa = PBXBuildFile; fileRef = 0BBB80752B851E4A00E71E21 /* HexagonParameters.swift */; };
		0BBB80782B851FE900E71E21 /* BadgeBackground.swift in Sources */ = {isa = PBXBuildFile; fileRef = 0BBB80772B851FE900E71E21 /* BadgeBackground.swift */; };
		0BBB807A2B85242F00E71E21 /* BadgeSymbol.swift in Sources */ = {isa = PBXBuildFile; fileRef = 0BBB80792B85242F00E71E21 /* BadgeSymbol.swift */; };
		0BBB807C2B8534E300E71E21 /* RotatedBadgeSymbol.swift in Sources */ = {isa = PBXBuildFile; fileRef = 0BBB807B2B8534E300E71E21 /* RotatedBadgeSymbol.swift */; };
		0BBB807E2B8535B900E71E21 /* BadgeView.swift in Sources */ = {isa = PBXBuildFile; fileRef = 0BBB807D2B8535B900E71E21 /* BadgeView.swift */; };
		0BBB80812B8548A000E71E21 /* hikeData.json in Resources */ = {isa = PBXBuildFile; fileRef = 0BBB80802B8548A000E71E21 /* hikeData.json */; };
		0BBB80832B85490600E71E21 /* Hike.swift in Sources */ = {isa = PBXBuildFile; fileRef = 0BBB80822B85490600E71E21 /* Hike.swift */; };
		0BBB808B2B854D7300E71E21 /* GraphCapsule.swift in Sources */ = {isa = PBXBuildFile; fileRef = 0BBB80872B854D7300E71E21 /* GraphCapsule.swift */; };
		0BBB808C2B854D7300E71E21 /* HikeGraph.swift in Sources */ = {isa = PBXBuildFile; fileRef = 0BBB80882B854D7300E71E21 /* HikeGraph.swift */; };
		0BBB808D2B854D7300E71E21 /* HikeDetail.swift in Sources */ = {isa = PBXBuildFile; fileRef = 0BBB80892B854D7300E71E21 /* HikeDetail.swift */; };
		0BBB808E2B854D7300E71E21 /* HikeView.swift in Sources */ = {isa = PBXBuildFile; fileRef = 0BBB808A2B854D7300E71E21 /* HikeView.swift */; };
		0BBB80912B86AB9800E71E21 /* CategoryHomeView.swift in Sources */ = {isa = PBXBuildFile; fileRef = 0BBB80902B86AB9800E71E21 /* CategoryHomeView.swift */; };
		0BBB80932B86AF6900E71E21 /* CategoryRowView.swift in Sources */ = {isa = PBXBuildFile; fileRef = 0BBB80922B86AF6900E71E21 /* CategoryRowView.swift */; };
		0BBB80952B86B21200E71E21 /* CategoryItemView.swift in Sources */ = {isa = PBXBuildFile; fileRef = 0BBB80942B86B21200E71E21 /* CategoryItemView.swift */; };
		0BBB80972B8CF84900E71E21 /* Profile.swift in Sources */ = {isa = PBXBuildFile; fileRef = 0BBB80962B8CF84900E71E21 /* Profile.swift */; };
		0BBB809A2B8CF8D300E71E21 /* ProfileHostView.swift in Sources */ = {isa = PBXBuildFile; fileRef = 0BBB80992B8CF8D300E71E21 /* ProfileHostView.swift */; };
		0BBB809C2B8CF99700E71E21 /* ProfileSummaryView.swift in Sources */ = {isa = PBXBuildFile; fileRef = 0BBB809B2B8CF99700E71E21 /* ProfileSummaryView.swift */; };
		0BBB809E2B8D31D800E71E21 /* HikeBadgeView.swift in Sources */ = {isa = PBXBuildFile; fileRef = 0BBB809D2B8D31D800E71E21 /* HikeBadgeView.swift */; };
		0BBB80A02B8D3CF800E71E21 /* ProfileEditorView.swift in Sources */ = {isa = PBXBuildFile; fileRef = 0BBB809F2B8D3CF800E71E21 /* ProfileEditorView.swift */; };
/* End PBXBuildFile section */

/* Begin PBXContainerItemProxy section */
		0BBB80422B7D2A5100E71E21 /* PBXContainerItemProxy */ = {
			isa = PBXContainerItemProxy;
			containerPortal = 0BBB80292B7D2A4800E71E21 /* Project object */;
			proxyType = 1;
			remoteGlobalIDString = 0BBB80302B7D2A4900E71E21;
			remoteInfo = Landmarks;
		};
		0BBB804C2B7D2A5100E71E21 /* PBXContainerItemProxy */ = {
			isa = PBXContainerItemProxy;
			containerPortal = 0BBB80292B7D2A4800E71E21 /* Project object */;
			proxyType = 1;
			remoteGlobalIDString = 0BBB80302B7D2A4900E71E21;
			remoteInfo = Landmarks;
		};
/* End PBXContainerItemProxy section */

/* Begin PBXFileReference section */
		0BBB80312B7D2A4900E71E21 /* Landmarks.app */ = {isa = PBXFileReference; explicitFileType = wrapper.application; includeInIndex = 0; path = Landmarks.app; sourceTree = BUILT_PRODUCTS_DIR; };
		0BBB80342B7D2A4900E71E21 /* LandmarksApp.swift */ = {isa = PBXFileReference; lastKnownFileType = sourcecode.swift; path = LandmarksApp.swift; sourceTree = "<group>"; };
		0BBB80362B7D2A4900E71E21 /* ContentView.swift */ = {isa = PBXFileReference; lastKnownFileType = sourcecode.swift; path = ContentView.swift; sourceTree = "<group>"; };
		0BBB80382B7D2A5000E71E21 /* Assets.xcassets */ = {isa = PBXFileReference; lastKnownFileType = folder.assetcatalog; path = Assets.xcassets; sourceTree = "<group>"; };
		0BBB803B2B7D2A5000E71E21 /* Preview Assets.xcassets */ = {isa = PBXFileReference; lastKnownFileType = folder.assetcatalog; path = "Preview Assets.xcassets"; sourceTree = "<group>"; };
		0BBB80412B7D2A5100E71E21 /* LandmarksTests.xctest */ = {isa = PBXFileReference; explicitFileType = wrapper.cfbundle; includeInIndex = 0; path = LandmarksTests.xctest; sourceTree = BUILT_PRODUCTS_DIR; };
		0BBB80452B7D2A5100E71E21 /* LandmarksTests.swift */ = {isa = PBXFileReference; lastKnownFileType = sourcecode.swift; path = LandmarksTests.swift; sourceTree = "<group>"; };
		0BBB804B2B7D2A5100E71E21 /* LandmarksUITests.xctest */ = {isa = PBXFileReference; explicitFileType = wrapper.cfbundle; includeInIndex = 0; path = LandmarksUITests.xctest; sourceTree = BUILT_PRODUCTS_DIR; };
		0BBB804F2B7D2A5100E71E21 /* LandmarksUITests.swift */ = {isa = PBXFileReference; lastKnownFileType = sourcecode.swift; path = LandmarksUITests.swift; sourceTree = "<group>"; };
		0BBB80512B7D2A5100E71E21 /* LandmarksUITestsLaunchTests.swift */ = {isa = PBXFileReference; lastKnownFileType = sourcecode.swift; path = LandmarksUITestsLaunchTests.swift; sourceTree = "<group>"; };
		0BBB805E2B7D750100E71E21 /* CircleImageView.swift */ = {isa = PBXFileReference; lastKnownFileType = sourcecode.swift; path = CircleImageView.swift; sourceTree = "<group>"; };
		0BBB80602B7D762700E71E21 /* MapView.swift */ = {isa = PBXFileReference; lastKnownFileType = sourcecode.swift; path = MapView.swift; sourceTree = "<group>"; };
		0BBB80622B7D90F600E71E21 /* landmarkData.json */ = {isa = PBXFileReference; fileEncoding = 4; lastKnownFileType = text.json; path = landmarkData.json; sourceTree = "<group>"; };
		0BBB80642B7D911800E71E21 /* Landmark.swift */ = {isa = PBXFileReference; lastKnownFileType = sourcecode.swift; path = Landmark.swift; sourceTree = "<group>"; };
		0BBB80662B7D93A900E71E21 /* DataStore.swift */ = {isa = PBXFileReference; lastKnownFileType = sourcecode.swift; path = DataStore.swift; sourceTree = "<group>"; };
		0BBB806B2B7D9FC400E71E21 /* LandmarkRowView.swift */ = {isa = PBXFileReference; lastKnownFileType = sourcecode.swift; path = LandmarkRowView.swift; sourceTree = "<group>"; };
		0BBB806D2B7DA2AE00E71E21 /* LandmarksListView.swift */ = {isa = PBXFileReference; lastKnownFileType = sourcecode.swift; path = LandmarksListView.swift; sourceTree = "<group>"; };
		0BBB806F2B7DA44200E71E21 /* LandmarkDetailView.swift */ = {isa = PBXFileReference; lastKnownFileType = sourcecode.swift; path = LandmarkDetailView.swift; sourceTree = "<group>"; };
		0BBB80712B7EBAB800E71E21 /* FavoriteButtonView.swift */ = {isa = PBXFileReference; lastKnownFileType = sourcecode.swift; path = FavoriteButtonView.swift; sourceTree = "<group>"; };
		0BBB80752B851E4A00E71E21 /* HexagonParameters.swift */ = {isa = PBXFileReference; lastKnownFileType = sourcecode.swift; path = HexagonParameters.swift; sourceTree = "<group>"; };
		0BBB80772B851FE900E71E21 /* BadgeBackground.swift */ = {isa = PBXFileReference; lastKnownFileType = sourcecode.swift; path = BadgeBackground.swift; sourceTree = "<group>"; };
		0BBB80792B85242F00E71E21 /* BadgeSymbol.swift */ = {isa = PBXFileReference; lastKnownFileType = sourcecode.swift; path = BadgeSymbol.swift; sourceTree = "<group>"; };
		0BBB807B2B8534E300E71E21 /* RotatedBadgeSymbol.swift */ = {isa = PBXFileReference; lastKnownFileType = sourcecode.swift; path = RotatedBadgeSymbol.swift; sourceTree = "<group>"; };
		0BBB807D2B8535B900E71E21 /* BadgeView.swift */ = {isa = PBXFileReference; lastKnownFileType = sourcecode.swift; path = BadgeView.swift; sourceTree = "<group>"; };
		0BBB80802B8548A000E71E21 /* hikeData.json */ = {isa = PBXFileReference; fileEncoding = 4; lastKnownFileType = text.json; path = hikeData.json; sourceTree = "<group>"; };
		0BBB80822B85490600E71E21 /* Hike.swift */ = {isa = PBXFileReference; lastKnownFileType = sourcecode.swift; path = Hike.swift; sourceTree = "<group>"; };
		0BBB80872B854D7300E71E21 /* GraphCapsule.swift */ = {isa = PBXFileReference; fileEncoding = 4; lastKnownFileType = sourcecode.swift; path = GraphCapsule.swift; sourceTree = "<group>"; };
		0BBB80882B854D7300E71E21 /* HikeGraph.swift */ = {isa = PBXFileReference; fileEncoding = 4; lastKnownFileType = sourcecode.swift; path = HikeGraph.swift; sourceTree = "<group>"; };
		0BBB80892B854D7300E71E21 /* HikeDetail.swift */ = {isa = PBXFileReference; fileEncoding = 4; lastKnownFileType = sourcecode.swift; path = HikeDetail.swift; sourceTree = "<group>"; };
		0BBB808A2B854D7300E71E21 /* HikeView.swift */ = {isa = PBXFileReference; fileEncoding = 4; lastKnownFileType = sourcecode.swift; path = HikeView.swift; sourceTree = "<group>"; };
		0BBB80902B86AB9800E71E21 /* CategoryHomeView.swift */ = {isa = PBXFileReference; lastKnownFileType = sourcecode.swift; path = CategoryHomeView.swift; sourceTree = "<group>"; };
		0BBB80922B86AF6900E71E21 /* CategoryRowView.swift */ = {isa = PBXFileReference; lastKnownFileType = sourcecode.swift; path = CategoryRowView.swift; sourceTree = "<group>"; };
		0BBB80942B86B21200E71E21 /* CategoryItemView.swift */ = {isa = PBXFileReference; lastKnownFileType = sourcecode.swift; path = CategoryItemView.swift; sourceTree = "<group>"; };
		0BBB80962B8CF84900E71E21 /* Profile.swift */ = {isa = PBXFileReference; lastKnownFileType = sourcecode.swift; path = Profile.swift; sourceTree = "<group>"; };
		0BBB80992B8CF8D300E71E21 /* ProfileHostView.swift */ = {isa = PBXFileReference; lastKnownFileType = sourcecode.swift; path = ProfileHostView.swift; sourceTree = "<group>"; };
		0BBB809B2B8CF99700E71E21 /* ProfileSummaryView.swift */ = {isa = PBXFileReference; lastKnownFileType = sourcecode.swift; path = ProfileSummaryView.swift; sourceTree = "<group>"; };
		0BBB809D2B8D31D800E71E21 /* HikeBadgeView.swift */ = {isa = PBXFileReference; lastKnownFileType = sourcecode.swift; path = HikeBadgeView.swift; sourceTree = "<group>"; };
		0BBB809F2B8D3CF800E71E21 /* ProfileEditorView.swift */ = {isa = PBXFileReference; lastKnownFileType = sourcecode.swift; path = ProfileEditorView.swift; sourceTree = "<group>"; };
/* End PBXFileReference section */

/* Begin PBXFrameworksBuildPhase section */
		0BBB802E2B7D2A4900E71E21 /* Frameworks */ = {
			isa = PBXFrameworksBuildPhase;
			buildActionMask = 2147483647;
			files = (
			);
			runOnlyForDeploymentPostprocessing = 0;
		};
		0BBB803E2B7D2A5100E71E21 /* Frameworks */ = {
			isa = PBXFrameworksBuildPhase;
			buildActionMask = 2147483647;
			files = (
			);
			runOnlyForDeploymentPostprocessing = 0;
		};
		0BBB80482B7D2A5100E71E21 /* Frameworks */ = {
			isa = PBXFrameworksBuildPhase;
			buildActionMask = 2147483647;
			files = (
			);
			runOnlyForDeploymentPostprocessing = 0;
		};
/* End PBXFrameworksBuildPhase section */

/* Begin PBXGroup section */
		0BBB80282B7D2A4800E71E21 = {
			isa = PBXGroup;
			children = (
				0BBB80332B7D2A4900E71E21 /* Landmarks */,
				0BBB80442B7D2A5100E71E21 /* LandmarksTests */,
				0BBB804E2B7D2A5100E71E21 /* LandmarksUITests */,
				0BBB80322B7D2A4900E71E21 /* Products */,
			);
			sourceTree = "<group>";
		};
		0BBB80322B7D2A4900E71E21 /* Products */ = {
			isa = PBXGroup;
			children = (
				0BBB80312B7D2A4900E71E21 /* Landmarks.app */,
				0BBB80412B7D2A5100E71E21 /* LandmarksTests.xctest */,
				0BBB804B2B7D2A5100E71E21 /* LandmarksUITests.xctest */,
			);
			name = Products;
			sourceTree = "<group>";
		};
		0BBB80332B7D2A4900E71E21 /* Landmarks */ = {
			isa = PBXGroup;
			children = (
				0BBB80382B7D2A5000E71E21 /* Assets.xcassets */,
				0BBB80342B7D2A4900E71E21 /* LandmarksApp.swift */,
				0BBB80692B7D94B100E71E21 /* Model */,
				0BBB803A2B7D2A5000E71E21 /* Preview Content */,
				0BBB806A2B7D94CC00E71E21 /* Resources */,
				0BBB80682B7D94A100E71E21 /* Views */,
			);
			path = Landmarks;
			sourceTree = "<group>";
		};
		0BBB803A2B7D2A5000E71E21 /* Preview Content */ = {
			isa = PBXGroup;
			children = (
				0BBB803B2B7D2A5000E71E21 /* Preview Assets.xcassets */,
			);
			path = "Preview Content";
			sourceTree = "<group>";
		};
		0BBB80442B7D2A5100E71E21 /* LandmarksTests */ = {
			isa = PBXGroup;
			children = (
				0BBB80452B7D2A5100E71E21 /* LandmarksTests.swift */,
			);
			path = LandmarksTests;
			sourceTree = "<group>";
		};
		0BBB804E2B7D2A5100E71E21 /* LandmarksUITests */ = {
			isa = PBXGroup;
			children = (
				0BBB804F2B7D2A5100E71E21 /* LandmarksUITests.swift */,
				0BBB80512B7D2A5100E71E21 /* LandmarksUITestsLaunchTests.swift */,
			);
			path = LandmarksUITests;
			sourceTree = "<group>";
		};
		0BBB80682B7D94A100E71E21 /* Views */ = {
			isa = PBXGroup;
			children = (
				0BBB80982B8CF8A100E71E21 /* Profiles */,
				0BBB808F2B86AB7700E71E21 /* Categories */,
				0BBB80862B854D7300E71E21 /* Hikes */,
				0BBB807F2B85396200E71E21 /* Badges */,
				0BBB80742B7EBC8800E71E21 /* Helpers */,
				0BBB80732B7EBC7300E71E21 /* Landmarks */,
				0BBB80362B7D2A4900E71E21 /* ContentView.swift */,
			);
			path = Views;
			sourceTree = "<group>";
		};
		0BBB80692B7D94B100E71E21 /* Model */ = {
			isa = PBXGroup;
			children = (
				0BBB80642B7D911800E71E21 /* Landmark.swift */,
				0BBB80662B7D93A900E71E21 /* DataStore.swift */,
				0BBB80822B85490600E71E21 /* Hike.swift */,
				0BBB80962B8CF84900E71E21 /* Profile.swift */,
			);
			path = Model;
			sourceTree = "<group>";
		};
		0BBB806A2B7D94CC00E71E21 /* Resources */ = {
			isa = PBXGroup;
			children = (
				0BBB80802B8548A000E71E21 /* hikeData.json */,
				0BBB80622B7D90F600E71E21 /* landmarkData.json */,
			);
			path = Resources;
			sourceTree = "<group>";
		};
		0BBB80732B7EBC7300E71E21 /* Landmarks */ = {
			isa = PBXGroup;
			children = (
				0BBB806B2B7D9FC400E71E21 /* LandmarkRowView.swift */,
				0BBB806D2B7DA2AE00E71E21 /* LandmarksListView.swift */,
				0BBB806F2B7DA44200E71E21 /* LandmarkDetailView.swift */,
			);
			path = Landmarks;
			sourceTree = "<group>";
		};
		0BBB80742B7EBC8800E71E21 /* Helpers */ = {
			isa = PBXGroup;
			children = (
				0BBB805E2B7D750100E71E21 /* CircleImageView.swift */,
				0BBB80602B7D762700E71E21 /* MapView.swift */,
				0BBB80712B7EBAB800E71E21 /* FavoriteButtonView.swift */,
			);
			path = Helpers;
			sourceTree = "<group>";
		};
		0BBB807F2B85396200E71E21 /* Badges */ = {
			isa = PBXGroup;
			children = (
				0BBB80752B851E4A00E71E21 /* HexagonParameters.swift */,
				0BBB80772B851FE900E71E21 /* BadgeBackground.swift */,
				0BBB80792B85242F00E71E21 /* BadgeSymbol.swift */,
				0BBB807B2B8534E300E71E21 /* RotatedBadgeSymbol.swift */,
				0BBB807D2B8535B900E71E21 /* BadgeView.swift */,
			);
			path = Badges;
			sourceTree = "<group>";
		};
		0BBB80862B854D7300E71E21 /* Hikes */ = {
			isa = PBXGroup;
			children = (
				0BBB80872B854D7300E71E21 /* GraphCapsule.swift */,
				0BBB80882B854D7300E71E21 /* HikeGraph.swift */,
				0BBB80892B854D7300E71E21 /* HikeDetail.swift */,
				0BBB808A2B854D7300E71E21 /* HikeView.swift */,
				0BBB809D2B8D31D800E71E21 /* HikeBadgeView.swift */,
			);
			path = Hikes;
			sourceTree = "<group>";
		};
		0BBB808F2B86AB7700E71E21 /* Categories */ = {
			isa = PBXGroup;
			children = (
				0BBB80902B86AB9800E71E21 /* CategoryHomeView.swift */,
				0BBB80922B86AF6900E71E21 /* CategoryRowView.swift */,
				0BBB80942B86B21200E71E21 /* CategoryItemView.swift */,
			);
			path = Categories;
			sourceTree = "<group>";
		};
		0BBB80982B8CF8A100E71E21 /* Profiles */ = {
			isa = PBXGroup;
			children = (
				0BBB80992B8CF8D300E71E21 /* ProfileHostView.swift */,
				0BBB809B2B8CF99700E71E21 /* ProfileSummaryView.swift */,
				0BBB809F2B8D3CF800E71E21 /* ProfileEditorView.swift */,
			);
			path = Profiles;
			sourceTree = "<group>";
		};
/* End PBXGroup section */

/* Begin PBXNativeTarget section */
		0BBB80302B7D2A4900E71E21 /* Landmarks */ = {
			isa = PBXNativeTarget;
			buildConfigurationList = 0BBB80552B7D2A5100E71E21 /* Build configuration list for PBXNativeTarget "Landmarks" */;
			buildPhases = (
				0BBB802D2B7D2A4900E71E21 /* Sources */,
				0BBB802E2B7D2A4900E71E21 /* Frameworks */,
				0BBB802F2B7D2A4900E71E21 /* Resources */,
			);
			buildRules = (
			);
			dependencies = (
			);
			name = Landmarks;
			productName = Landmarks;
			productReference = 0BBB80312B7D2A4900E71E21 /* Landmarks.app */;
			productType = "com.apple.product-type.application";
		};
		0BBB80402B7D2A5100E71E21 /* LandmarksTests */ = {
			isa = PBXNativeTarget;
			buildConfigurationList = 0BBB80582B7D2A5100E71E21 /* Build configuration list for PBXNativeTarget "LandmarksTests" */;
			buildPhases = (
				0BBB803D2B7D2A5100E71E21 /* Sources */,
				0BBB803E2B7D2A5100E71E21 /* Frameworks */,
				0BBB803F2B7D2A5100E71E21 /* Resources */,
			);
			buildRules = (
			);
			dependencies = (
				0BBB80432B7D2A5100E71E21 /* PBXTargetDependency */,
			);
			name = LandmarksTests;
			productName = LandmarksTests;
			productReference = 0BBB80412B7D2A5100E71E21 /* LandmarksTests.xctest */;
			productType = "com.apple.product-type.bundle.unit-test";
		};
		0BBB804A2B7D2A5100E71E21 /* LandmarksUITests */ = {
			isa = PBXNativeTarget;
			buildConfigurationList = 0BBB805B2B7D2A5100E71E21 /* Build configuration list for PBXNativeTarget "LandmarksUITests" */;
			buildPhases = (
				0BBB80472B7D2A5100E71E21 /* Sources */,
				0BBB80482B7D2A5100E71E21 /* Frameworks */,
				0BBB80492B7D2A5100E71E21 /* Resources */,
			);
			buildRules = (
			);
			dependencies = (
				0BBB804D2B7D2A5100E71E21 /* PBXTargetDependency */,
			);
			name = LandmarksUITests;
			productName = LandmarksUITests;
			productReference = 0BBB804B2B7D2A5100E71E21 /* LandmarksUITests.xctest */;
			productType = "com.apple.product-type.bundle.ui-testing";
		};
/* End PBXNativeTarget section */

/* Begin PBXProject section */
		0BBB80292B7D2A4800E71E21 /* Project object */ = {
			isa = PBXProject;
			attributes = {
				BuildIndependentTargetsInParallel = 1;
				LastSwiftUpdateCheck = 1520;
				LastUpgradeCheck = 1520;
				TargetAttributes = {
					0BBB80302B7D2A4900E71E21 = {
						CreatedOnToolsVersion = 15.2;
					};
					0BBB80402B7D2A5100E71E21 = {
						CreatedOnToolsVersion = 15.2;
						TestTargetID = 0BBB80302B7D2A4900E71E21;
					};
					0BBB804A2B7D2A5100E71E21 = {
						CreatedOnToolsVersion = 15.2;
						TestTargetID = 0BBB80302B7D2A4900E71E21;
					};
				};
			};
			buildConfigurationList = 0BBB802C2B7D2A4800E71E21 /* Build configuration list for PBXProject "Landmarks" */;
			compatibilityVersion = "Xcode 14.0";
			developmentRegion = en;
			hasScannedForEncodings = 0;
			knownRegions = (
				en,
				Base,
			);
			mainGroup = 0BBB80282B7D2A4800E71E21;
			productRefGroup = 0BBB80322B7D2A4900E71E21 /* Products */;
			projectDirPath = "";
			projectRoot = "";
			targets = (
				0BBB80302B7D2A4900E71E21 /* Landmarks */,
				0BBB80402B7D2A5100E71E21 /* LandmarksTests */,
				0BBB804A2B7D2A5100E71E21 /* LandmarksUITests */,
			);
		};
/* End PBXProject section */

/* Begin PBXResourcesBuildPhase section */
		0BBB802F2B7D2A4900E71E21 /* Resources */ = {
			isa = PBXResourcesBuildPhase;
			buildActionMask = 2147483647;
			files = (
				0BBB80812B8548A000E71E21 /* hikeData.json in Resources */,
				0BBB803C2B7D2A5000E71E21 /* Preview Assets.xcassets in Resources */,
				0BBB80392B7D2A5000E71E21 /* Assets.xcassets in Resources */,
				0BBB80632B7D90F600E71E21 /* landmarkData.json in Resources */,
			);
			runOnlyForDeploymentPostprocessing = 0;
		};
		0BBB803F2B7D2A5100E71E21 /* Resources */ = {
			isa = PBXResourcesBuildPhase;
			buildActionMask = 2147483647;
			files = (
			);
			runOnlyForDeploymentPostprocessing = 0;
		};
		0BBB80492B7D2A5100E71E21 /* Resources */ = {
			isa = PBXResourcesBuildPhase;
			buildActionMask = 2147483647;
			files = (
			);
			runOnlyForDeploymentPostprocessing = 0;
		};
/* End PBXResourcesBuildPhase section */

/* Begin PBXSourcesBuildPhase section */
		0BBB802D2B7D2A4900E71E21 /* Sources */ = {
			isa = PBXSourcesBuildPhase;
			buildActionMask = 2147483647;
			files = (
				0BBB80372B7D2A4900E71E21 /* ContentView.swift in Sources */,
				0BBB80972B8CF84900E71E21 /* Profile.swift in Sources */,
				0BBB809E2B8D31D800E71E21 /* HikeBadgeView.swift in Sources */,
				0BBB808C2B854D7300E71E21 /* HikeGraph.swift in Sources */,
				0BBB80612B7D762700E71E21 /* MapView.swift in Sources */,
				0BBB80932B86AF6900E71E21 /* CategoryRowView.swift in Sources */,
				0BBB809C2B8CF99700E71E21 /* ProfileSummaryView.swift in Sources */,
				0BBB80702B7DA44200E71E21 /* LandmarkDetailView.swift in Sources */,
				0BBB808B2B854D7300E71E21 /* GraphCapsule.swift in Sources */,
				0BBB805F2B7D750100E71E21 /* CircleImageView.swift in Sources */,
				0BBB80762B851E4A00E71E21 /* HexagonParameters.swift in Sources */,
				0BBB808D2B854D7300E71E21 /* HikeDetail.swift in Sources */,
				0BBB807C2B8534E300E71E21 /* RotatedBadgeSymbol.swift in Sources */,
				0BBB80832B85490600E71E21 /* Hike.swift in Sources */,
				0BBB807E2B8535B900E71E21 /* BadgeView.swift in Sources */,
				0BBB807A2B85242F00E71E21 /* BadgeSymbol.swift in Sources */,
				0BBB80352B7D2A4900E71E21 /* LandmarksApp.swift in Sources */,
				0BBB80A02B8D3CF800E71E21 /* ProfileEditorView.swift in Sources */,
				0BBB808E2B854D7300E71E21 /* HikeView.swift in Sources */,
				0BBB806C2B7D9FC400E71E21 /* LandmarkRowView.swift in Sources */,
				0BBB80782B851FE900E71E21 /* BadgeBackground.swift in Sources */,
				0BBB80652B7D911800E71E21 /* Landmark.swift in Sources */,
				0BBB809A2B8CF8D300E71E21 /* ProfileHostView.swift in Sources */,
				0BBB80912B86AB9800E71E21 /* CategoryHomeView.swift in Sources */,
				0BBB80952B86B21200E71E21 /* CategoryItemView.swift in Sources */,
				0BBB806E2B7DA2AE00E71E21 /* LandmarksListView.swift in Sources */,
				0BBB80722B7EBAB800E71E21 /* FavoriteButtonView.swift in Sources */,
				0BBB80672B7D93A900E71E21 /* DataStore.swift in Sources */,
			);
			runOnlyForDeploymentPostprocessing = 0;
		};
		0BBB803D2B7D2A5100E71E21 /* Sources */ = {
			isa = PBXSourcesBuildPhase;
			buildActionMask = 2147483647;
			files = (
				0BBB80462B7D2A5100E71E21 /* LandmarksTests.swift in Sources */,
			);
			runOnlyForDeploymentPostprocessing = 0;
		};
		0BBB80472B7D2A5100E71E21 /* Sources */ = {
			isa = PBXSourcesBuildPhase;
			buildActionMask = 2147483647;
			files = (
				0BBB80522B7D2A5100E71E21 /* LandmarksUITestsLaunchTests.swift in Sources */,
				0BBB80502B7D2A5100E71E21 /* LandmarksUITests.swift in Sources */,
			);
			runOnlyForDeploymentPostprocessing = 0;
		};
/* End PBXSourcesBuildPhase section */

/* Begin PBXTargetDependency section */
		0BBB80432B7D2A5100E71E21 /* PBXTargetDependency */ = {
			isa = PBXTargetDependency;
			target = 0BBB80302B7D2A4900E71E21 /* Landmarks */;
			targetProxy = 0BBB80422B7D2A5100E71E21 /* PBXContainerItemProxy */;
		};
		0BBB804D2B7D2A5100E71E21 /* PBXTargetDependency */ = {
			isa = PBXTargetDependency;
			target = 0BBB80302B7D2A4900E71E21 /* Landmarks */;
			targetProxy = 0BBB804C2B7D2A5100E71E21 /* PBXContainerItemProxy */;
		};
/* End PBXTargetDependency section */

/* Begin XCBuildConfiguration section */
		0BBB80532B7D2A5100E71E21 /* Debug */ = {
			isa = XCBuildConfiguration;
			buildSettings = {
				ALWAYS_SEARCH_USER_PATHS = NO;
				ASSETCATALOG_COMPILER_GENERATE_SWIFT_ASSET_SYMBOL_EXTENSIONS = YES;
				CLANG_ANALYZER_NONNULL = YES;
				CLANG_ANALYZER_NUMBER_OBJECT_CONVERSION = YES_AGGRESSIVE;
				CLANG_CXX_LANGUAGE_STANDARD = "gnu++20";
				CLANG_ENABLE_MODULES = YES;
				CLANG_ENABLE_OBJC_ARC = YES;
				CLANG_ENABLE_OBJC_WEAK = YES;
				CLANG_WARN_BLOCK_CAPTURE_AUTORELEASING = YES;
				CLANG_WARN_BOOL_CONVERSION = YES;
				CLANG_WARN_COMMA = YES;
				CLANG_WARN_CONSTANT_CONVERSION = YES;
				CLANG_WARN_DEPRECATED_OBJC_IMPLEMENTATIONS = YES;
				CLANG_WARN_DIRECT_OBJC_ISA_USAGE = YES_ERROR;
				CLANG_WARN_DOCUMENTATION_COMMENTS = YES;
				CLANG_WARN_EMPTY_BODY = YES;
				CLANG_WARN_ENUM_CONVERSION = YES;
				CLANG_WARN_INFINITE_RECURSION = YES;
				CLANG_WARN_INT_CONVERSION = YES;
				CLANG_WARN_NON_LITERAL_NULL_CONVERSION = YES;
				CLANG_WARN_OBJC_IMPLICIT_RETAIN_SELF = YES;
				CLANG_WARN_OBJC_LITERAL_CONVERSION = YES;
				CLANG_WARN_OBJC_ROOT_CLASS = YES_ERROR;
				CLANG_WARN_QUOTED_INCLUDE_IN_FRAMEWORK_HEADER = YES;
				CLANG_WARN_RANGE_LOOP_ANALYSIS = YES;
				CLANG_WARN_STRICT_PROTOTYPES = YES;
				CLANG_WARN_SUSPICIOUS_MOVE = YES;
				CLANG_WARN_UNGUARDED_AVAILABILITY = YES_AGGRESSIVE;
				CLANG_WARN_UNREACHABLE_CODE = YES;
				CLANG_WARN__DUPLICATE_METHOD_MATCH = YES;
				COPY_PHASE_STRIP = NO;
				DEBUG_INFORMATION_FORMAT = dwarf;
				ENABLE_STRICT_OBJC_MSGSEND = YES;
				ENABLE_TESTABILITY = YES;
				ENABLE_USER_SCRIPT_SANDBOXING = YES;
				GCC_C_LANGUAGE_STANDARD = gnu17;
				GCC_DYNAMIC_NO_PIC = NO;
				GCC_NO_COMMON_BLOCKS = YES;
				GCC_OPTIMIZATION_LEVEL = 0;
				GCC_PREPROCESSOR_DEFINITIONS = (
					"DEBUG=1",
					"$(inherited)",
				);
				GCC_WARN_64_TO_32_BIT_CONVERSION = YES;
				GCC_WARN_ABOUT_RETURN_TYPE = YES_ERROR;
				GCC_WARN_UNDECLARED_SELECTOR = YES;
				GCC_WARN_UNINITIALIZED_AUTOS = YES_AGGRESSIVE;
				GCC_WARN_UNUSED_FUNCTION = YES;
				GCC_WARN_UNUSED_VARIABLE = YES;
				IPHONEOS_DEPLOYMENT_TARGET = 17.2;
				LOCALIZATION_PREFERS_STRING_CATALOGS = YES;
				MTL_ENABLE_DEBUG_INFO = INCLUDE_SOURCE;
				MTL_FAST_MATH = YES;
				ONLY_ACTIVE_ARCH = YES;
				SDKROOT = iphoneos;
				SWIFT_ACTIVE_COMPILATION_CONDITIONS = "DEBUG $(inherited)";
				SWIFT_OPTIMIZATION_LEVEL = "-Onone";
			};
			name = Debug;
		};
		0BBB80542B7D2A5100E71E21 /* Release */ = {
			isa = XCBuildConfiguration;
			buildSettings = {
				ALWAYS_SEARCH_USER_PATHS = NO;
				ASSETCATALOG_COMPILER_GENERATE_SWIFT_ASSET_SYMBOL_EXTENSIONS = YES;
				CLANG_ANALYZER_NONNULL = YES;
				CLANG_ANALYZER_NUMBER_OBJECT_CONVERSION = YES_AGGRESSIVE;
				CLANG_CXX_LANGUAGE_STANDARD = "gnu++20";
				CLANG_ENABLE_MODULES = YES;
				CLANG_ENABLE_OBJC_ARC = YES;
				CLANG_ENABLE_OBJC_WEAK = YES;
				CLANG_WARN_BLOCK_CAPTURE_AUTORELEASING = YES;
				CLANG_WARN_BOOL_CONVERSION = YES;
				CLANG_WARN_COMMA = YES;
				CLANG_WARN_CONSTANT_CONVERSION = YES;
				CLANG_WARN_DEPRECATED_OBJC_IMPLEMENTATIONS = YES;
				CLANG_WARN_DIRECT_OBJC_ISA_USAGE = YES_ERROR;
				CLANG_WARN_DOCUMENTATION_COMMENTS = YES;
				CLANG_WARN_EMPTY_BODY = YES;
				CLANG_WARN_ENUM_CONVERSION = YES;
				CLANG_WARN_INFINITE_RECURSION = YES;
				CLANG_WARN_INT_CONVERSION = YES;
				CLANG_WARN_NON_LITERAL_NULL_CONVERSION = YES;
				CLANG_WARN_OBJC_IMPLICIT_RETAIN_SELF = YES;
				CLANG_WARN_OBJC_LITERAL_CONVERSION = YES;
				CLANG_WARN_OBJC_ROOT_CLASS = YES_ERROR;
				CLANG_WARN_QUOTED_INCLUDE_IN_FRAMEWORK_HEADER = YES;
				CLANG_WARN_RANGE_LOOP_ANALYSIS = YES;
				CLANG_WARN_STRICT_PROTOTYPES = YES;
				CLANG_WARN_SUSPICIOUS_MOVE = YES;
				CLANG_WARN_UNGUARDED_AVAILABILITY = YES_AGGRESSIVE;
				CLANG_WARN_UNREACHABLE_CODE = YES;
				CLANG_WARN__DUPLICATE_METHOD_MATCH = YES;
				COPY_PHASE_STRIP = NO;
				DEBUG_INFORMATION_FORMAT = "dwarf-with-dsym";
				ENABLE_NS_ASSERTIONS = NO;
				ENABLE_STRICT_OBJC_MSGSEND = YES;
				ENABLE_USER_SCRIPT_SANDBOXING = YES;
				GCC_C_LANGUAGE_STANDARD = gnu17;
				GCC_NO_COMMON_BLOCKS = YES;
				GCC_WARN_64_TO_32_BIT_CONVERSION = YES;
				GCC_WARN_ABOUT_RETURN_TYPE = YES_ERROR;
				GCC_WARN_UNDECLARED_SELECTOR = YES;
				GCC_WARN_UNINITIALIZED_AUTOS = YES_AGGRESSIVE;
				GCC_WARN_UNUSED_FUNCTION = YES;
				GCC_WARN_UNUSED_VARIABLE = YES;
				IPHONEOS_DEPLOYMENT_TARGET = 17.2;
				LOCALIZATION_PREFERS_STRING_CATALOGS = YES;
				MTL_ENABLE_DEBUG_INFO = NO;
				MTL_FAST_MATH = YES;
				SDKROOT = iphoneos;
				SWIFT_COMPILATION_MODE = wholemodule;
				VALIDATE_PRODUCT = YES;
			};
			name = Release;
		};
		0BBB80562B7D2A5100E71E21 /* Debug */ = {
			isa = XCBuildConfiguration;
			buildSettings = {
				ASSETCATALOG_COMPILER_APPICON_NAME = AppIcon;
				ASSETCATALOG_COMPILER_GLOBAL_ACCENT_COLOR_NAME = AccentColor;
				CODE_SIGN_STYLE = Automatic;
				CURRENT_PROJECT_VERSION = 1;
				DEVELOPMENT_ASSET_PATHS = "\"Landmarks/Preview Content\"";
				DEVELOPMENT_TEAM = E3ZSDPCDKZ;
				ENABLE_PREVIEWS = YES;
				GENERATE_INFOPLIST_FILE = YES;
				INFOPLIST_KEY_UIApplicationSceneManifest_Generation = YES;
				INFOPLIST_KEY_UIApplicationSupportsIndirectInputEvents = YES;
				INFOPLIST_KEY_UILaunchScreen_Generation = YES;
				INFOPLIST_KEY_UISupportedInterfaceOrientations_iPad = "UIInterfaceOrientationPortrait UIInterfaceOrientationPortraitUpsideDown UIInterfaceOrientationLandscapeLeft UIInterfaceOrientationLandscapeRight";
				INFOPLIST_KEY_UISupportedInterfaceOrientations_iPhone = "UIInterfaceOrientationPortrait UIInterfaceOrientationLandscapeLeft UIInterfaceOrientationLandscapeRight";
				LD_RUNPATH_SEARCH_PATHS = (
					"$(inherited)",
					"@executable_path/Frameworks",
				);
				MARKETING_VERSION = 1.0;
				PRODUCT_BUNDLE_IDENTIFIER = com.wolesolana.Landmarks;
				PRODUCT_NAME = "$(TARGET_NAME)";
				SWIFT_EMIT_LOC_STRINGS = YES;
				SWIFT_VERSION = 5.0;
				TARGETED_DEVICE_FAMILY = "1,2";
			};
			name = Debug;
		};
		0BBB80572B7D2A5100E71E21 /* Release */ = {
			isa = XCBuildConfiguration;
			buildSettings = {
				ASSETCATALOG_COMPILER_APPICON_NAME = AppIcon;
				ASSETCATALOG_COMPILER_GLOBAL_ACCENT_COLOR_NAME = AccentColor;
				CODE_SIGN_STYLE = Automatic;
				CURRENT_PROJECT_VERSION = 1;
				DEVELOPMENT_ASSET_PATHS = "\"Landmarks/Preview Content\"";
				DEVELOPMENT_TEAM = E3ZSDPCDKZ;
				ENABLE_PREVIEWS = YES;
				GENERATE_INFOPLIST_FILE = YES;
				INFOPLIST_KEY_UIApplicationSceneManifest_Generation = YES;
				INFOPLIST_KEY_UIApplicationSupportsIndirectInputEvents = YES;
				INFOPLIST_KEY_UILaunchScreen_Generation = YES;
				INFOPLIST_KEY_UISupportedInterfaceOrientations_iPad = "UIInterfaceOrientationPortrait UIInterfaceOrientationPortraitUpsideDown UIInterfaceOrientationLandscapeLeft UIInterfaceOrientationLandscapeRight";
				INFOPLIST_KEY_UISupportedInterfaceOrientations_iPhone = "UIInterfaceOrientationPortrait UIInterfaceOrientationLandscapeLeft UIInterfaceOrientationLandscapeRight";
				LD_RUNPATH_SEARCH_PATHS = (
					"$(inherited)",
					"@executable_path/Frameworks",
				);
				MARKETING_VERSION = 1.0;
				PRODUCT_BUNDLE_IDENTIFIER = com.wolesolana.Landmarks;
				PRODUCT_NAME = "$(TARGET_NAME)";
				SWIFT_EMIT_LOC_STRINGS = YES;
				SWIFT_VERSION = 5.0;
				TARGETED_DEVICE_FAMILY = "1,2";
			};
			name = Release;
		};
		0BBB80592B7D2A5100E71E21 /* Debug */ = {
			isa = XCBuildConfiguration;
			buildSettings = {
				ALWAYS_EMBED_SWIFT_STANDARD_LIBRARIES = YES;
				BUNDLE_LOADER = "$(TEST_HOST)";
				CODE_SIGN_STYLE = Automatic;
				CURRENT_PROJECT_VERSION = 1;
				DEVELOPMENT_TEAM = E3ZSDPCDKZ;
				GENERATE_INFOPLIST_FILE = YES;
				IPHONEOS_DEPLOYMENT_TARGET = 17.2;
				MARKETING_VERSION = 1.0;
				PRODUCT_BUNDLE_IDENTIFIER = com.wolesolana.LandmarksTests;
				PRODUCT_NAME = "$(TARGET_NAME)";
				SWIFT_EMIT_LOC_STRINGS = NO;
				SWIFT_VERSION = 5.0;
				TARGETED_DEVICE_FAMILY = "1,2";
				TEST_HOST = "$(BUILT_PRODUCTS_DIR)/Landmarks.app/$(BUNDLE_EXECUTABLE_FOLDER_PATH)/Landmarks";
			};
			name = Debug;
		};
		0BBB805A2B7D2A5100E71E21 /* Release */ = {
			isa = XCBuildConfiguration;
			buildSettings = {
				ALWAYS_EMBED_SWIFT_STANDARD_LIBRARIES = YES;
				BUNDLE_LOADER = "$(TEST_HOST)";
				CODE_SIGN_STYLE = Automatic;
				CURRENT_PROJECT_VERSION = 1;
				DEVELOPMENT_TEAM = E3ZSDPCDKZ;
				GENERATE_INFOPLIST_FILE = YES;
				IPHONEOS_DEPLOYMENT_TARGET = 17.2;
				MARKETING_VERSION = 1.0;
				PRODUCT_BUNDLE_IDENTIFIER = com.wolesolana.LandmarksTests;
				PRODUCT_NAME = "$(TARGET_NAME)";
				SWIFT_EMIT_LOC_STRINGS = NO;
				SWIFT_VERSION = 5.0;
				TARGETED_DEVICE_FAMILY = "1,2";
				TEST_HOST = "$(BUILT_PRODUCTS_DIR)/Landmarks.app/$(BUNDLE_EXECUTABLE_FOLDER_PATH)/Landmarks";
			};
			name = Release;
		};
		0BBB805C2B7D2A5100E71E21 /* Debug */ = {
			isa = XCBuildConfiguration;
			buildSettings = {
				ALWAYS_EMBED_SWIFT_STANDARD_LIBRARIES = YES;
				CODE_SIGN_STYLE = Automatic;
				CURRENT_PROJECT_VERSION = 1;
				DEVELOPMENT_TEAM = E3ZSDPCDKZ;
				GENERATE_INFOPLIST_FILE = YES;
				MARKETING_VERSION = 1.0;
				PRODUCT_BUNDLE_IDENTIFIER = com.wolesolana.LandmarksUITests;
				PRODUCT_NAME = "$(TARGET_NAME)";
				SWIFT_EMIT_LOC_STRINGS = NO;
				SWIFT_VERSION = 5.0;
				TARGETED_DEVICE_FAMILY = "1,2";
				TEST_TARGET_NAME = Landmarks;
			};
			name = Debug;
		};
		0BBB805D2B7D2A5100E71E21 /* Release */ = {
			isa = XCBuildConfiguration;
			buildSettings = {
				ALWAYS_EMBED_SWIFT_STANDARD_LIBRARIES = YES;
				CODE_SIGN_STYLE = Automatic;
				CURRENT_PROJECT_VERSION = 1;
				DEVELOPMENT_TEAM = E3ZSDPCDKZ;
				GENERATE_INFOPLIST_FILE = YES;
				MARKETING_VERSION = 1.0;
				PRODUCT_BUNDLE_IDENTIFIER = com.wolesolana.LandmarksUITests;
				PRODUCT_NAME = "$(TARGET_NAME)";
				SWIFT_EMIT_LOC_STRINGS = NO;
				SWIFT_VERSION = 5.0;
				TARGETED_DEVICE_FAMILY = "1,2";
				TEST_TARGET_NAME = Landmarks;
			};
			name = Release;
		};
/* End XCBuildConfiguration section */

/* Begin XCConfigurationList section */
		0BBB802C2B7D2A4800E71E21 /* Build configuration list for PBXProject "Landmarks" */ = {
			isa = XCConfigurationList;
			buildConfigurations = (
				0BBB80532B7D2A5100E71E21 /* Debug */,
				0BBB80542B7D2A5100E71E21 /* Release */,
			);
			defaultConfigurationIsVisible = 0;
			defaultConfigurationName = Release;
		};
		0BBB80552B7D2A5100E71E21 /* Build configuration list for PBXNativeTarget "Landmarks" */ = {
			isa = XCConfigurationList;
			buildConfigurations = (
				0BBB80562B7D2A5100E71E21 /* Debug */,
				0BBB80572B7D2A5100E71E21 /* Release */,
			);
			defaultConfigurationIsVisible = 0;
			defaultConfigurationName = Release;
		};
		0BBB80582B7D2A5100E71E21 /* Build configuration list for PBXNativeTarget "LandmarksTests" */ = {
			isa = XCConfigurationList;
			buildConfigurations = (
				0BBB80592B7D2A5100E71E21 /* Debug */,
				0BBB805A2B7D2A5100E71E21 /* Release */,
			);
			defaultConfigurationIsVisible = 0;
			defaultConfigurationName = Release;
		};
		0BBB805B2B7D2A5100E71E21 /* Build configuration list for PBXNativeTarget "LandmarksUITests" */ = {
			isa = XCConfigurationList;
			buildConfigurations = (
				0BBB805C2B7D2A5100E71E21 /* Debug */,
				0BBB805D2B7D2A5100E71E21 /* Release */,
			);
			defaultConfigurationIsVisible = 0;
			defaultConfigurationName = Release;
		};
/* End XCConfigurationList section */
	};
	rootObject = 0BBB80292B7D2A4800E71E21 /* Project object */;
}
